<?xml version="1.0" encoding="utf-8"?>
<Project ToolsVersion="4.0" xmlns="http://schemas.microsoft.com/developer/msbuild/2003">
  <ItemGroup>
    <Filter Include="99.Define">
      <UniqueIdentifier>{c639ae17-df43-46bf-b703-13e6a1cb5390}</UniqueIdentifier>
    </Filter>
    <Filter Include="99.Define\SHADER">
      <UniqueIdentifier>{2ba9f1c9-af17-4750-ad96-1f74272f36aa}</UniqueIdentifier>
    </Filter>
    <Filter Include="99.Define\DEFAULT">
      <UniqueIdentifier>{d2bc8c26-c2f1-4430-bc71-05b1d260a3e6}</UniqueIdentifier>
    </Filter>
    <Filter Include="01.Level">
      <UniqueIdentifier>{84180928-9f81-4b54-a492-0b60d1de4573}</UniqueIdentifier>
    </Filter>
    <Filter Include="02.GameObjects">
      <UniqueIdentifier>{79dcc46a-5ae9-48bb-962b-8984b15e4f5a}</UniqueIdentifier>
    </Filter>
    <Filter Include="00.MainApp">
      <UniqueIdentifier>{47a1f529-dd0e-4f37-9ada-5aa6731dea0b}</UniqueIdentifier>
    </Filter>
    <Filter Include="01.Level\00.Loading">
      <UniqueIdentifier>{a93b491c-23f3-4297-b393-8653d245270e}</UniqueIdentifier>
    </Filter>
    <Filter Include="01.Level\01.Logo">
      <UniqueIdentifier>{d2b37133-49a9-44dc-9b6f-0dbfcf322be6}</UniqueIdentifier>
    </Filter>
    <Filter Include="01.Level\30.MapViewer">
      <UniqueIdentifier>{89cc185d-9692-465b-8004-f17d5613b6e0}</UniqueIdentifier>
    </Filter>
    <Filter Include="01.Level\40.EffectViewer">
      <UniqueIdentifier>{e8b03d0e-3f3f-4e58-98c0-d4e8b8c123c1}</UniqueIdentifier>
    </Filter>
    <Filter Include="01.Level\20.ObjectViewer">
      <UniqueIdentifier>{d1083821-eca9-4cfc-8cd3-57aac01bd812}</UniqueIdentifier>
    </Filter>
    <Filter Include="01.Level\00.Loading\Loader">
      <UniqueIdentifier>{475d1e29-da38-4fe5-a31c-7d1aa7129c7b}</UniqueIdentifier>
    </Filter>
    <Filter Include="02.GameObjects\Dummys">
      <UniqueIdentifier>{fb090860-8f24-4f71-9daf-7fd971a8f5c2}</UniqueIdentifier>
    </Filter>
    <Filter Include="02.GameObjects\Dummys\DummyObject">
      <UniqueIdentifier>{085e6bcb-1fe4-4857-bfc6-ed6fc0218358}</UniqueIdentifier>
    </Filter>
    <Filter Include="02.GameObjects\Dummys\DummyCube">
      <UniqueIdentifier>{91ef449e-1e1e-445f-8387-caf587c37216}</UniqueIdentifier>
    </Filter>
    <Filter Include="02.GameObjects\Env">
      <UniqueIdentifier>{1f58b759-0d65-4092-ad42-da21c974ea12}</UniqueIdentifier>
    </Filter>
    <Filter Include="02.GameObjects\Dummys\DummyRect">
      <UniqueIdentifier>{130c848e-6ab6-4b45-b12c-56db07e2c2f4}</UniqueIdentifier>
    </Filter>
    <Filter Include="01.Level\50.UIViewer">
      <UniqueIdentifier>{6ef26778-6dfa-4880-807e-ad5306a3c26c}</UniqueIdentifier>
    </Filter>
    <Filter Include="50.UI">
      <UniqueIdentifier>{627570ac-7129-4888-bdd1-467149dbcf35}</UniqueIdentifier>
    </Filter>
    <Filter Include="50.UI\Mouse_Cursor">
      <UniqueIdentifier>{b5d188ff-5925-40bd-8da4-2ed00c89f730}</UniqueIdentifier>
    </Filter>
    <Filter Include="02.GameObjects\ModelParts">
      <UniqueIdentifier>{a04e88c3-dabb-4a91-8b9f-ce7f5562def6}</UniqueIdentifier>
    </Filter>
    <Filter Include="02.GameObjects\ModelParts\Head">
      <UniqueIdentifier>{a483f296-1312-4b29-8b8f-ce47654cd09e}</UniqueIdentifier>
    </Filter>
    <Filter Include="02.GameObjects\ModelParts\Body">
      <UniqueIdentifier>{763765ed-6960-4837-946e-20ff88d8e350}</UniqueIdentifier>
    </Filter>
    <Filter Include="02.GameObjects\ModelParts\Hair">
      <UniqueIdentifier>{7ac7ca7b-7e52-498b-adfe-3a8e602b0904}</UniqueIdentifier>
    </Filter>
    <Filter Include="02.GameObjects\Layer_Effect">
      <UniqueIdentifier>{32909f25-6113-4bd6-81a8-9415d993b221}</UniqueIdentifier>
    </Filter>
    <Filter Include="02.GameObjects\Layer_Effect\Effect">
      <UniqueIdentifier>{a9a30c22-af8f-421a-8901-edfb8146f59d}</UniqueIdentifier>
    </Filter>
    <Filter Include="02.GameObjects\Layer_Effect\Effect\00.EffectObject">
      <UniqueIdentifier>{8a5ffca8-725a-42ee-a3eb-3c79df09dec9}</UniqueIdentifier>
    </Filter>
    <Filter Include="02.GameObjects\Layer_Effect\Effect\01.TestEffect">
      <UniqueIdentifier>{32718f84-d863-48d2-8611-90c40f2ba1c5}</UniqueIdentifier>
    </Filter>
    <Filter Include="02.GameObjects\Layer_Effect\Effect\02.EditEffect">
      <UniqueIdentifier>{ba468252-bba3-46e4-bf61-e726a59060ad}</UniqueIdentifier>
    </Filter>
    <Filter Include="02.GameObjects\Layer_Effect\Effect_Editor">
      <UniqueIdentifier>{5b31b993-b137-42d2-b737-000aeb27a675}</UniqueIdentifier>
    </Filter>
    <Filter Include="50.UI\IMGUIUI">
      <UniqueIdentifier>{f60f1948-8c11-4796-843a-8c38f10043e3}</UniqueIdentifier>
    </Filter>
    <Filter Include="50.UI\GamePlay_Canvas">
      <UniqueIdentifier>{9900c91e-574d-4d80-b8bc-142c971fb7b4}</UniqueIdentifier>
    </Filter>
    <Filter Include="50.UI\GamePlay_Canvas\Mission_Panel">
      <UniqueIdentifier>{b652ee5a-69ca-4c85-8c6c-def398a4dd23}</UniqueIdentifier>
    </Filter>
    <Filter Include="50.UI\GamePlay_Canvas\Mission_Panel\MissionBanner_Key">
      <UniqueIdentifier>{f897068c-184a-4bb2-a4fb-e74ec1877b02}</UniqueIdentifier>
    </Filter>
    <Filter Include="50.UI\GamePlay_Canvas\Mission_Panel\Mission_Icon">
      <UniqueIdentifier>{5da34159-e4a2-4b4b-a7a0-a65966579e2f}</UniqueIdentifier>
    </Filter>
    <Filter Include="50.UI\GamePlay_Canvas\MiniMap_Panel">
      <UniqueIdentifier>{61a808c7-2765-42d9-8b4c-b4bed93b013e}</UniqueIdentifier>
    </Filter>
    <Filter Include="50.UI\GamePlay_Canvas\MiniMap_Panel\MiniMap_TrimBorder">
      <UniqueIdentifier>{999ed728-0bc5-425c-b861-1422c77ccbe6}</UniqueIdentifier>
    </Filter>
    <Filter Include="50.UI\GamePlay_Canvas\Loding_Panel">
      <UniqueIdentifier>{f21ccde9-97d1-4700-af94-2e5cf21a72c4}</UniqueIdentifier>
    </Filter>
    <Filter Include="50.UI\GamePlay_Canvas\Loding_Panel\LoadingWidget">
      <UniqueIdentifier>{167182ec-ed5f-46fc-9c27-a82e327fa1ac}</UniqueIdentifier>
    </Filter>
    <Filter Include="02.GameObjects\Terrain">
      <UniqueIdentifier>{44a3ddc2-3993-48d6-840c-3da09daeab70}</UniqueIdentifier>
    </Filter>
    <Filter Include="01.Level\60.PhysXLab">
      <UniqueIdentifier>{943a760b-2861-45b7-87b8-462e1309c172}</UniqueIdentifier>
    </Filter>
    <Filter Include="02.GameObjects\ModelParts\RootModelPart">
      <UniqueIdentifier>{a9a39942-3c35-4932-b845-e8d1787f3ec3}</UniqueIdentifier>
    </Filter>
    <Filter Include="02.GameObjects\Monster">
      <UniqueIdentifier>{a2944f33-1db0-480a-b793-7ec7f81e8116}</UniqueIdentifier>
    </Filter>
    <Filter Include="50.UI\GamePlay_Canvas\Loding_Panel\LoadingWidget_Flame">
      <UniqueIdentifier>{c347da03-98f1-4095-a4e4-2c840c308916}</UniqueIdentifier>
    </Filter>
    <Filter Include="02.GameObjects\Dummys\DummyPhysX">
      <UniqueIdentifier>{de3719fe-5a3a-45bd-ae8f-67533b8150fc}</UniqueIdentifier>
    </Filter>
    <Filter Include="02.GameObjects\Dummys\DummyPhysX\PhysXPlayable">
      <UniqueIdentifier>{ad93e84b-166d-4ba2-9103-f4fe0171b2ac}</UniqueIdentifier>
    </Filter>
    <Filter Include="02.GameObjects\Dummys\DummyPhysX\PhysXBox">
      <UniqueIdentifier>{c7e7d3c7-fd26-4035-88b4-11233459559c}</UniqueIdentifier>
    </Filter>
    <Filter Include="02.GameObjects\Dummys\DummyPhysX\PhysXMesh">
      <UniqueIdentifier>{15a9dfe7-f3f7-4906-8bd4-91734f4ddc92}</UniqueIdentifier>
    </Filter>
    <Filter Include="02.GameObjects\Env\00.Manger">
      <UniqueIdentifier>{584466e9-fe1a-4a7d-a4ba-54d62ee1a7c1}</UniqueIdentifier>
    </Filter>
    <Filter Include="02.GameObjects\Env\01.MapContainer">
      <UniqueIdentifier>{d925c13c-6d66-4632-8bef-172baa566920}</UniqueIdentifier>
    </Filter>
    <Filter Include="02.GameObjects\Env\01.MapContainer\BuildingContainer">
      <UniqueIdentifier>{9643531b-3b64-4a3b-9ba7-e372b4e4ddba}</UniqueIdentifier>
    </Filter>
    <Filter Include="02.GameObjects\Env\02.MapObject">
      <UniqueIdentifier>{702dfe26-f6b0-4aa0-b8d5-79385c0191d1}</UniqueIdentifier>
    </Filter>
    <Filter Include="02.GameObjects\Env\02.MapObject\Static">
      <UniqueIdentifier>{bc80fcba-1ebd-497c-a40d-973e44ad3ef8}</UniqueIdentifier>
    </Filter>
    <Filter Include="02.GameObjects\Env\02.MapObject\LOD">
      <UniqueIdentifier>{34fa4d78-8091-44cf-b4b4-59db9fd56d98}</UniqueIdentifier>
    </Filter>
    <Filter Include="02.GameObjects\Dummys\DummyPhysX\PhysXObstacle">
      <UniqueIdentifier>{fbe2856d-a829-4563-a9f1-00adc4029c65}</UniqueIdentifier>
    </Filter>
    <Filter Include="02.GameObjects\Env\03.MapElement">
      <UniqueIdentifier>{e6df1c15-e857-4d34-8857-e6d6f1113948}</UniqueIdentifier>
    </Filter>
    <Filter Include="02.GameObjects\Env\03.MapElement\Static">
      <UniqueIdentifier>{95042c6d-04ae-46a5-9f52-0b7688c7ee4b}</UniqueIdentifier>
    </Filter>
    <Filter Include="02.GameObjects\Env\03.MapElement\Interactable">
      <UniqueIdentifier>{dc6d3d82-0ee7-4c5f-a561-591e257b441e}</UniqueIdentifier>
    </Filter>
    <Filter Include="02.GameObjects\Dummys\DummySkyBox">
      <UniqueIdentifier>{12d17342-7cb4-46be-8243-9e1864496338}</UniqueIdentifier>
    </Filter>
    <Filter Include="02.GameObjects\MainLight">
      <UniqueIdentifier>{a9360a97-5ef2-476a-9f12-f4e06c28290c}</UniqueIdentifier>
    </Filter>
    <Filter Include="02.GameObjects\Layer_Effect\Dummy_Plane">
      <UniqueIdentifier>{6872c5bc-5eac-46a1-b6d8-3ec0f4fb2cd5}</UniqueIdentifier>
    </Filter>
    <Filter Include="02.GameObjects\Dummys\DummyPhysX\PhysXPlatform">
      <UniqueIdentifier>{efffeaa6-b7a5-49fe-bd2e-9dfa9e4a67d8}</UniqueIdentifier>
    </Filter>
    <Filter Include="02.GameObjects\Dummys\DummyPhysX\PhysXWall">
      <UniqueIdentifier>{813d68fb-0603-44e9-8fda-5c5dd84d0eb1}</UniqueIdentifier>
    </Filter>
    <Filter Include="02.GameObjects\Dummys\DummyPhysX\00.Callback">
      <UniqueIdentifier>{b6d1496a-c8ef-4b7a-9ed4-f00b0a244313}</UniqueIdentifier>
    </Filter>
    <Filter Include="02.GameObjects\Dummys\DummyPhysX\PhysXDoorSet">
      <UniqueIdentifier>{6a026ae9-e454-45cd-9baa-ed093de3e60c}</UniqueIdentifier>
    </Filter>
    <Filter Include="02.GameObjects\Dummys\DummyPhysX\PhysXDoorSet\PhysXDoorFrame">
      <UniqueIdentifier>{070a2e44-cce8-4f75-8192-9fcdec4b17f7}</UniqueIdentifier>
    </Filter>
    <Filter Include="02.GameObjects\Dummys\DummyPhysX\PhysXDoorSet\PhysXFixedDoor">
      <UniqueIdentifier>{2f4d3a35-b6fa-475e-86ce-e7fae954da58}</UniqueIdentifier>
    </Filter>
    <Filter Include="02.GameObjects\Dummys\DummyPhysX\PhysXFreeDoor">
      <UniqueIdentifier>{3131278b-18f5-4b84-ba85-73104998e9c9}</UniqueIdentifier>
    </Filter>
    <Filter Include="02.GameObjects\Player">
      <UniqueIdentifier>{680910fd-aee2-4f69-b644-12b36b0f635b}</UniqueIdentifier>
    </Filter>
    <Filter Include="02.GameObjects\Env\04.Land">
      <UniqueIdentifier>{66df0152-4b1e-461c-a88e-750770c73d62}</UniqueIdentifier>
    </Filter>
    <Filter Include="50.UI\GamePlay_Canvas\Action_Panel">
      <UniqueIdentifier>{69af6531-b479-4496-9e9b-245423844204}</UniqueIdentifier>
    </Filter>
    <Filter Include="50.UI\GamePlay_Canvas\Action_Panel\Spell_Slot">
      <UniqueIdentifier>{09ea24b7-2c4b-430c-826b-bdfdc63c522a}</UniqueIdentifier>
    </Filter>
    <Filter Include="50.UI\GamePlay_Canvas\Action_Panel\Spell_Overlay">
      <UniqueIdentifier>{93166105-4863-4435-b2a1-7c97f9f3226f}</UniqueIdentifier>
    </Filter>
    <Filter Include="02.GameObjects\Dummys\DummyPhysX\PhysXMonster">
      <UniqueIdentifier>{1bc9f833-8d1b-4576-9ae5-51a039f4d2ff}</UniqueIdentifier>
    </Filter>
    <Filter Include="02.GameObjects\Dummys\DummyPhysX\00.Callback\Behavior">
      <UniqueIdentifier>{d0e9e4de-c3f2-45fa-ba22-f8882d7a2a7e}</UniqueIdentifier>
    </Filter>
    <Filter Include="02.GameObjects\Dummys\DummyPhysX\00.Callback\Behavior\Monster">
      <UniqueIdentifier>{dabfa8ad-dc37-4dd6-8ea0-9fd46cfeadec}</UniqueIdentifier>
    </Filter>
    <Filter Include="02.GameObjects\Dummys\DummyPhysX\00.Callback\Behavior\Playable">
      <UniqueIdentifier>{a225d78f-7eec-4407-bdfd-9e14452f3338}</UniqueIdentifier>
    </Filter>
    <Filter Include="02.GameObjects\Dummys\DummyPhysX\00.Callback\HitReport">
      <UniqueIdentifier>{e8c89ebe-2db4-47c1-b2cc-8b6d49bef902}</UniqueIdentifier>
    </Filter>
    <Filter Include="02.GameObjects\Dummys\DummyPhysX\00.Callback\HitReport\Monster">
      <UniqueIdentifier>{af42cf4c-c875-43b8-9a5a-981d78e6aaf9}</UniqueIdentifier>
    </Filter>
    <Filter Include="02.GameObjects\Dummys\DummyPhysX\00.Callback\HitReport\Playable">
      <UniqueIdentifier>{83781d7f-b84d-45a3-8361-b6bed2722b74}</UniqueIdentifier>
    </Filter>
    <Filter Include="01.Level\65.BloomViewer">
      <UniqueIdentifier>{19c5f600-e566-4903-ab74-448904dcbc99}</UniqueIdentifier>
    </Filter>
    <Filter Include="02.GameObjects\Dummys\DummyGlobe">
      <UniqueIdentifier>{04d044a9-3cab-4425-9adf-8eea436e71d4}</UniqueIdentifier>
    </Filter>
    <Filter Include="02.GameObjects\Monster\Goblin">
      <UniqueIdentifier>{26e2dcaa-d94a-4c3d-ba39-2916f2a27bac}</UniqueIdentifier>
    </Filter>
    <Filter Include="02.GameObjects\Layer_Effect\Effect\03.TrailObject">
      <UniqueIdentifier>{f5cd19e8-186b-418f-b7fa-af73046a80d1}</UniqueIdentifier>
    </Filter>
    <Filter Include="02.GameObjects\Layer_Effect\Effect\04.Effect_Container">
      <UniqueIdentifier>{a193f87a-e222-4dd8-9766-cb32bb368ccb}</UniqueIdentifier>
    </Filter>
    <Filter Include="02.GameObjects\Layer_Effect\Effect\05.NomalJap">
      <UniqueIdentifier>{8882358e-c8eb-4222-a87e-01d902533b8f}</UniqueIdentifier>
    </Filter>
    <Filter Include="02.GameObjects\Broom">
      <UniqueIdentifier>{a9862861-6eaa-4e04-b7f6-217a32db7db4}</UniqueIdentifier>
    </Filter>
    <Filter Include="02.GameObjects\Dummys\DummyPhysX\PhysXHitBox">
      <UniqueIdentifier>{80f4e763-20bb-47c1-b1de-ac11bc28bad8}</UniqueIdentifier>
    </Filter>
    <Filter Include="02.GameObjects\Dummys\DummyPhysX\00.Callback\Behavior\HitBox">
      <UniqueIdentifier>{d35cf4c8-1838-4cf3-80ff-69ef27435792}</UniqueIdentifier>
    </Filter>
    <Filter Include="02.GameObjects\Dummys\DummyPhysX\00.Callback\HitReport\HitBox">
      <UniqueIdentifier>{1b1b3388-cfea-4d6a-b93d-aa174317f573}</UniqueIdentifier>
    </Filter>
    <Filter Include="02.GameObjects\Dummys\DummyPhysX\PhysXEffectHitBox">
      <UniqueIdentifier>{7b7439b1-f2e5-4233-bf26-4db2b41307b7}</UniqueIdentifier>
    </Filter>
    <Filter Include="50.UI\GamePlay_Canvas\Action_Panel\Slot_Number">
      <UniqueIdentifier>{0db597d8-c4e7-479a-9b7e-9014b79a5e03}</UniqueIdentifier>
    </Filter>
    <Filter Include="50.UI\GamePlay_Canvas\Action_Panel\HPBarBG">
      <UniqueIdentifier>{7e8b7123-11fb-4946-99fe-3265932d0536}</UniqueIdentifier>
    </Filter>
    <Filter Include="02.GameObjects\Camera">
      <UniqueIdentifier>{072a4e85-ba07-4ffd-bdb1-ddac02558242}</UniqueIdentifier>
    </Filter>
    <Filter Include="02.GameObjects\Camera\Camera_Gaze">
      <UniqueIdentifier>{4982a8ed-d04a-4d4d-804f-3f45ca1d9dd2}</UniqueIdentifier>
    </Filter>
    <Filter Include="02.GameObjects\Camera\CameraPosition">
      <UniqueIdentifier>{1c11a2a1-ad0a-4f0b-8a86-5ab9fc68a69f}</UniqueIdentifier>
    </Filter>
    <Filter Include="02.GameObjects\Wand">
      <UniqueIdentifier>{92110a48-81d0-4e98-be06-05dd078d0488}</UniqueIdentifier>
    </Filter>
    <Filter Include="02.GameObjects\Layer_Effect\Effect\06.Bombard">
      <UniqueIdentifier>{c81350c7-0edb-4e51-babf-09bf627414f1}</UniqueIdentifier>
    </Filter>
    <Filter Include="50.UI\GamePlay_Canvas\Action_Panel\HpBarBG">
      <UniqueIdentifier>{7e8b7123-11fb-4946-99fe-3265932d0536}</UniqueIdentifier>
    </Filter>
    <Filter Include="02.GameObjects\Env\05.AlphaMap">
      <UniqueIdentifier>{54eef1b7-a5ee-444f-9577-44ffc8c3d8bc}</UniqueIdentifier>
    </Filter>
    <Filter Include="02.GameObjects\Layer_Effect\Effect\07.Decendo">
      <UniqueIdentifier>{a94e6a94-cc46-4c16-8518-5032bfdbd235}</UniqueIdentifier>
    </Filter>
    <Filter Include="50.UI\GamePlay_Canvas\Action_Panel\Spell_Slot_Preview">
      <UniqueIdentifier>{b4e1da25-c952-4ff4-92fd-7f1501d8c005}</UniqueIdentifier>
    </Filter>
    <Filter Include="50.UI\GamePlay_Canvas\Action_Panel\Potion">
      <UniqueIdentifier>{7683f642-58f7-4a79-a78c-b29540bdab10}</UniqueIdentifier>
    </Filter>
    <Filter Include="50.UI\GamePlay_Canvas\Action_Panel\Magic_Meter">
      <UniqueIdentifier>{b6ec3441-6b18-45d1-80ba-03aa6df7f9e2}</UniqueIdentifier>
    </Filter>
    <Filter Include="02.GameObjects\Camera\Debug">
      <UniqueIdentifier>{ee7ebf3c-8798-41cb-a261-31ca5041909c}</UniqueIdentifier>
    </Filter>
    <Filter Include="02.GameObjects\Camera\CameraPosition\Arm">
      <UniqueIdentifier>{94ad00fa-52a1-4d53-b44e-5bb849a25201}</UniqueIdentifier>
    </Filter>
    <Filter Include="02.GameObjects\Camera\CameraPosition\Socket">
      <UniqueIdentifier>{0d5c1798-4922-498e-afed-d1778c8e77b9}</UniqueIdentifier>
    </Filter>
    <Filter Include="02.GameObjects\Camera\CameraPosition\Player">
      <UniqueIdentifier>{b899b53a-c8cf-451a-ab5d-6945cac88276}</UniqueIdentifier>
    </Filter>
    <Filter Include="02.GameObjects\Camera\CameraPosition\Player\Shoulder">
      <UniqueIdentifier>{1962eafc-d147-494f-8d09-d96b78014958}</UniqueIdentifier>
    </Filter>
    <Filter Include="02.GameObjects\Camera\CameraPosition\Player\Target">
      <UniqueIdentifier>{1c4860c7-bc8a-4bed-b545-ed3ef0b02748}</UniqueIdentifier>
    </Filter>
    <Filter Include="02.GameObjects\Env\06.InstancedProp">
      <UniqueIdentifier>{27dd1f59-44a7-4ecf-ad44-d72b2b4f9d34}</UniqueIdentifier>
    </Filter>
    <Filter Include="50.UI\GamePlay_Canvas\Action_Panel\Magic_Icon">
      <UniqueIdentifier>{4967d007-a0d8-4d57-b259-7bb47b5cf9ea}</UniqueIdentifier>
    </Filter>
    <Filter Include="50.UI\GamePlay_Canvas\Action_Panel\Spell_UI">
      <UniqueIdentifier>{d3738a31-9700-478a-9c93-3d35ae9012b5}</UniqueIdentifier>
    </Filter>
    <Filter Include="50.UI\GamePlay_Canvas\MiniMap_Panel\NoMountIcon">
      <UniqueIdentifier>{93ae1d33-fb58-4793-9e7e-5b8d27e163d1}</UniqueIdentifier>
    </Filter>
    <Filter Include="50.UI\GamePlay_Canvas\Action_Panel\Magic_Item">
      <UniqueIdentifier>{5b287b4f-4f71-4458-85a1-c753fd121c53}</UniqueIdentifier>
    </Filter>
    <Filter Include="02.GameObjects\Layer_Effect\EffectPool">
      <UniqueIdentifier>{c0589f6e-ed9c-4e76-8df2-4f95ce3c7b9a}</UniqueIdentifier>
    </Filter>
    <Filter Include="50.UI\GamePlay_Canvas\Mission_Panel\MissionBanner_Border">
      <UniqueIdentifier>{a54567fa-e528-4c98-a605-289d7d300029}</UniqueIdentifier>
    </Filter>
    <Filter Include="50.UI\Spell_Canvas">
      <UniqueIdentifier>{612b0d39-53e3-4c8c-a32e-387b0d3b128c}</UniqueIdentifier>
    </Filter>
    <Filter Include="50.UI\Spell_Canvas\Spell_Panel">
      <UniqueIdentifier>{d9a965e7-77c6-450f-88e8-ef69c42d9053}</UniqueIdentifier>
    </Filter>
    <Filter Include="50.UI\Spell_Canvas\Spell_Panel\Current_Spell_Slot">
      <UniqueIdentifier>{c7b1ffc6-548f-464c-8f19-8b6ff5913b06}</UniqueIdentifier>
    </Filter>
    <Filter Include="50.UI\Spell_Canvas\Spell_Panel\Spell_List">
      <UniqueIdentifier>{8d15e456-f0d7-45b6-b725-7f1a8c0f6b0f}</UniqueIdentifier>
    </Filter>
    <Filter Include="50.UI\Spell_Canvas\Spell_Panel\Eessential_Spell_Slot">
      <UniqueIdentifier>{bae34bc2-3b69-40c0-8c9a-278dba07c8aa}</UniqueIdentifier>
    </Filter>
    <Filter Include="50.UI\Spell_Canvas\Spell_Panel\Eessential_Spell">
      <UniqueIdentifier>{1700ba11-4e28-4934-b757-bfed96b74503}</UniqueIdentifier>
    </Filter>
    <Filter Include="50.UI\Spell_Canvas\Spell_Panel\Spell_List_Image">
      <UniqueIdentifier>{da710064-ef45-41e1-8fc5-1fc544cb4cb8}</UniqueIdentifier>
    </Filter>
    <Filter Include="50.UI\Spell_Canvas\Spell_Panel\Spell_State">
      <UniqueIdentifier>{78ffbbbe-930a-4770-93fc-ec46f7ff2c8d}</UniqueIdentifier>
    </Filter>
    <Filter Include="50.UI\Spell_Canvas\Spell_Panel\Spell_Hober">
      <UniqueIdentifier>{d5815cd9-96d2-4364-b0d6-be0bb10b02db}</UniqueIdentifier>
    </Filter>
    <Filter Include="50.UI\Spell_Canvas\Spell_Panel\Spell_Hover_Effect">
      <UniqueIdentifier>{62f1bdfb-9162-434a-a462-b63f5e763277}</UniqueIdentifier>
    </Filter>
    <Filter Include="80.State">
      <UniqueIdentifier>{9c21aba5-00c1-4b4c-8a82-dac7a156fd9b}</UniqueIdentifier>
    </Filter>
    <Filter Include="80.State\State_Combat">
      <UniqueIdentifier>{a56502cb-b0b8-4ea7-bc5e-5482b416fef9}</UniqueIdentifier>
    </Filter>
    <Filter Include="80.State\Movement">
      <UniqueIdentifier>{8a70232d-f917-4ff6-b617-302e325996ae}</UniqueIdentifier>
    </Filter>
    <Filter Include="80.State\Movement\State_Move">
      <UniqueIdentifier>{dac78c4e-b898-45dc-8740-794899de0c69}</UniqueIdentifier>
    </Filter>
    <Filter Include="80.State\Movement\State_Idle">
      <UniqueIdentifier>{d5681f71-af29-4418-bf3a-a1486c6ba171}</UniqueIdentifier>
    </Filter>
    <Filter Include="80.State\Focus">
      <UniqueIdentifier>{029a22c4-ab06-4db0-9527-4e3cfa1a2e0d}</UniqueIdentifier>
    </Filter>
    <Filter Include="80.State\Focus\State_Dodge">
      <UniqueIdentifier>{b017e167-f48d-4417-a924-765ab802cff5}</UniqueIdentifier>
    </Filter>
    <Filter Include="80.State\Focus\State_Jump">
      <UniqueIdentifier>{904a7ae5-33fe-49a1-9f31-27443acc9e1a}</UniqueIdentifier>
    </Filter>
    <Filter Include="80.State\Focus\State_Land">
      <UniqueIdentifier>{0b8cac41-419f-48ce-87bc-805b8962b4df}</UniqueIdentifier>
    </Filter>
    <Filter Include="50.UI\Spell_Canvas\Spell_Panel\Spell_Preview">
      <UniqueIdentifier>{99125f58-acb9-4e9c-af15-87bf4e09c9b1}</UniqueIdentifier>
    </Filter>
    <Filter Include="50.UI\Spell_Canvas\Spell_Panel\Spell_Preview\Spell_Header">
      <UniqueIdentifier>{261e2297-e48d-4e42-b57e-12b0c0e633a3}</UniqueIdentifier>
    </Filter>
    <Filter Include="50.UI\Spell_Canvas\Spell_Panel\Spell_Preview\Spell_Header_Line">
      <UniqueIdentifier>{754c2260-5073-4489-9fa8-0df8da6d0255}</UniqueIdentifier>
    </Filter>
  </ItemGroup>
  <ItemGroup>
    <ClInclude Include="Editor.h">
      <Filter>99.Define\DEFAULT</Filter>
    </ClInclude>
    <ClInclude Include="framework.h">
      <Filter>99.Define\DEFAULT</Filter>
    </ClInclude>
    <ClInclude Include="Resource.h">
      <Filter>99.Define\DEFAULT</Filter>
    </ClInclude>
    <ClInclude Include="targetver.h">
      <Filter>99.Define\DEFAULT</Filter>
    </ClInclude>
    <ClInclude Include="..\Public\Editor_Macro.h">
      <Filter>99.Define</Filter>
    </ClInclude>
    <ClInclude Include="..\Public\Editor_Struct.h">
      <Filter>99.Define</Filter>
    </ClInclude>
    <ClInclude Include="..\Public\Editor_Define.h">
      <Filter>99.Define</Filter>
    </ClInclude>
    <ClInclude Include="..\Public\MainApp.h">
      <Filter>00.MainApp</Filter>
    </ClInclude>
    <ClInclude Include="..\Public\Level_Loading.h">
      <Filter>01.Level\00.Loading</Filter>
    </ClInclude>
    <ClInclude Include="..\Public\Loader.h">
      <Filter>01.Level\00.Loading\Loader</Filter>
    </ClInclude>
    <ClInclude Include="..\Public\Level_Logo.h">
      <Filter>01.Level\01.Logo</Filter>
    </ClInclude>
    <ClInclude Include="..\Public\DummyRect.h">
      <Filter>02.GameObjects\Dummys\DummyRect</Filter>
    </ClInclude>
    <ClInclude Include="..\public\Level_UI.h">
      <Filter>01.Level\50.UIViewer</Filter>
    </ClInclude>
    <ClInclude Include="..\public\Mission_Panel.h">
      <Filter>50.UI\GamePlay_Canvas\Mission_Panel</Filter>
    </ClInclude>
    <ClInclude Include="..\public\Mouse_Cursor.h">
      <Filter>50.UI\Mouse_Cursor</Filter>
    </ClInclude>
    <ClInclude Include="..\Public\Level_ObjectViewer.h">
      <Filter>01.Level\20.ObjectViewer</Filter>
    </ClInclude>
    <ClInclude Include="..\Public\Dummy_Cube.h">
      <Filter>02.GameObjects\Dummys\DummyCube</Filter>
    </ClInclude>
    <ClInclude Include="..\Public\Body.h">
      <Filter>02.GameObjects\ModelParts\Body</Filter>
    </ClInclude>
    <ClInclude Include="..\Public\Head.h">
      <Filter>02.GameObjects\ModelParts\Head</Filter>
    </ClInclude>
    <ClInclude Include="..\Public\Hair.h">
      <Filter>02.GameObjects\ModelParts\Hair</Filter>
    </ClInclude>
    <ClInclude Include="..\Public\ModelParts.h">
      <Filter>02.GameObjects\ModelParts</Filter>
    </ClInclude>
    <ClInclude Include="..\Public\RootModelPart.h">
      <Filter>02.GameObjects\ModelParts\RootModelPart</Filter>
    </ClInclude>
    <ClInclude Include="..\Public\Monster.h">
      <Filter>02.GameObjects\Monster</Filter>
    </ClInclude>
    <ClInclude Include="..\Public\Level_EffectViewer.h">
      <Filter>01.Level\40.EffectViewer</Filter>
    </ClInclude>
    <ClInclude Include="..\Public\EffectObject.h">
      <Filter>02.GameObjects\Layer_Effect\Effect\00.EffectObject</Filter>
    </ClInclude>
    <ClInclude Include="..\Public\TestEffect.h">
      <Filter>02.GameObjects\Layer_Effect\Effect\01.TestEffect</Filter>
    </ClInclude>
    <ClInclude Include="..\Public\EditEffect.h">
      <Filter>02.GameObjects\Layer_Effect\Effect\02.EditEffect</Filter>
    </ClInclude>
    <ClInclude Include="..\Public\Effect_Editor.h">
      <Filter>02.GameObjects\Layer_Effect\Effect_Editor</Filter>
    </ClInclude>
    <ClInclude Include="..\public\LoadingWidget.h">
      <Filter>50.UI\GamePlay_Canvas\Loding_Panel\LoadingWidget</Filter>
    </ClInclude>
    <ClInclude Include="..\public\MissionBanner_Key.h">
      <Filter>50.UI\GamePlay_Canvas\Mission_Panel\MissionBanner_Key</Filter>
    </ClInclude>
    <ClInclude Include="..\public\Mission_Icon.h">
      <Filter>50.UI\GamePlay_Canvas\Mission_Panel\Mission_Icon</Filter>
    </ClInclude>
    <ClInclude Include="..\public\MiniMap_TrimBorder.h">
      <Filter>50.UI\GamePlay_Canvas\MiniMap_Panel\MiniMap_TrimBorder</Filter>
    </ClInclude>
    <ClInclude Include="..\public\IMGUIUI.h">
      <Filter>50.UI\IMGUIUI</Filter>
    </ClInclude>
    <ClInclude Include="..\public\GamePlay_Canvas.h">
      <Filter>50.UI\GamePlay_Canvas</Filter>
    </ClInclude>
    <ClInclude Include="..\public\LoadingWidget_Flame.h">
      <Filter>50.UI\GamePlay_Canvas\Loding_Panel\LoadingWidget_Flame</Filter>
    </ClInclude>
    <ClInclude Include="..\public\MiniMap_Panel.h">
      <Filter>50.UI\GamePlay_Canvas\MiniMap_Panel</Filter>
    </ClInclude>
    <ClInclude Include="..\public\Loading_Panel.h">
      <Filter>50.UI\GamePlay_Canvas\Loding_Panel</Filter>
    </ClInclude>
    <ClInclude Include="..\public\Level_MapViewer.h">
      <Filter>01.Level\30.MapViewer</Filter>
    </ClInclude>
    <ClInclude Include="..\public\Terrain.h">
      <Filter>02.GameObjects\Terrain</Filter>
    </ClInclude>
    <ClInclude Include="..\public\MapObject_Manager.h">
      <Filter>02.GameObjects\Env\00.Manger</Filter>
    </ClInclude>
    <ClInclude Include="..\Public\Level_PhysXLab.h">
      <Filter>01.Level\60.PhysXLab</Filter>
    </ClInclude>
    <ClInclude Include="..\Public\Dummy_PhysXBox.h">
      <Filter>02.GameObjects\Dummys\DummyPhysX\PhysXBox</Filter>
    </ClInclude>
    <ClInclude Include="..\Public\Dummy_PhysXMesh.h">
      <Filter>02.GameObjects\Dummys\DummyPhysX\PhysXMesh</Filter>
    </ClInclude>
    <ClInclude Include="..\Public\LoadingWidget.h">
      <Filter>50.UI\GamePlay_Canvas\Loding_Panel\LoadingWidget</Filter>
    </ClInclude>
    <ClInclude Include="..\Public\DummyObject.h">
      <Filter>02.GameObjects\Dummys\DummyObject</Filter>
    </ClInclude>
    <ClInclude Include="..\public\MapContainer.h">
      <Filter>02.GameObjects\Env\01.MapContainer</Filter>
    </ClInclude>
    <ClInclude Include="..\public\BuildingContainer.h">
      <Filter>02.GameObjects\Env\01.MapContainer\BuildingContainer</Filter>
    </ClInclude>
    <ClInclude Include="..\public\MapObject.h">
      <Filter>02.GameObjects\Env\02.MapObject</Filter>
    </ClInclude>
    <ClInclude Include="..\public\MapObject_Collision.h">
      <Filter>02.GameObjects\Env\02.MapObject\Static</Filter>
    </ClInclude>
    <ClInclude Include="..\public\MapObject_LOD.h">
      <Filter>02.GameObjects\Env\02.MapObject\LOD</Filter>
    </ClInclude>
    <ClInclude Include="..\public\MapContainer.h">
      <Filter>02.GameObjects\Env\01.MapContainer</Filter>
    </ClInclude>
    <ClInclude Include="..\public\BuildingContainer.h">
      <Filter>02.GameObjects\Env\01.MapContainer\BuildingContainer</Filter>
    </ClInclude>
    <ClInclude Include="..\public\MapObject.h">
      <Filter>02.GameObjects\Env\02.MapObject</Filter>
    </ClInclude>
    <ClInclude Include="..\public\MapObject_LOD.h">
      <Filter>02.GameObjects\Env\02.MapObject\LOD</Filter>
    </ClInclude>
    <ClInclude Include="..\Public\Dummy_PhysXPlayable.h">
      <Filter>02.GameObjects\Dummys\DummyPhysX\PhysXPlayable</Filter>
    </ClInclude>
    <ClInclude Include="..\public\MapElement.h">
      <Filter>02.GameObjects\Env\03.MapElement</Filter>
    </ClInclude>
    <ClInclude Include="..\public\MapElement_Static.h">
      <Filter>02.GameObjects\Env\03.MapElement\Static</Filter>
    </ClInclude>
    <ClInclude Include="..\public\MapElement_Interactable.h">
      <Filter>02.GameObjects\Env\03.MapElement\Interactable</Filter>
    </ClInclude>
    <ClInclude Include="..\public\DummySkyBox.h">
      <Filter>02.GameObjects\Dummys\DummySkyBox</Filter>
    </ClInclude>
    <ClInclude Include="..\Public\MainLight.h">
      <Filter>02.GameObjects\MainLight</Filter>
    </ClInclude>
    <ClInclude Include="..\Public\Dummy_Plane.h">
      <Filter>02.GameObjects\Layer_Effect\Dummy_Plane</Filter>
    </ClInclude>
    <ClInclude Include="..\Public\Dummy_PhysXFreeDoor.h">
      <Filter>02.GameObjects\Dummys\DummyPhysX\PhysXFreeDoor</Filter>
    </ClInclude>
    <ClInclude Include="..\Public\Dummy_PhysXPlatform.h">
      <Filter>02.GameObjects\Dummys\DummyPhysX\PhysXPlatform</Filter>
    </ClInclude>
    <ClInclude Include="..\Public\Dummy_PhysXWall.h">
      <Filter>02.GameObjects\Dummys\DummyPhysX\PhysXWall</Filter>
    </ClInclude>
    <ClInclude Include="..\Public\State_Dodge.h">
      <Filter>80.State\Focus\State_Dodge</Filter>
    </ClInclude>
    <ClInclude Include="..\Public\State_Idle.h">
      <Filter>80.State\Movement\State_Idle</Filter>
    </ClInclude>
    <ClInclude Include="..\Public\State_Jump.h">
      <Filter>80.State\Focus\State_Jump</Filter>
    </ClInclude>
    <ClInclude Include="..\Public\Player.h">
      <Filter>02.GameObjects\Player</Filter>
    </ClInclude>
    <ClInclude Include="..\public\Land.h">
      <Filter>02.GameObjects\Env\04.Land</Filter>
    </ClInclude>
    <ClInclude Include="..\Public\Action_Panel.h">
      <Filter>50.UI\GamePlay_Canvas\Action_Panel</Filter>
    </ClInclude>
    <ClInclude Include="..\public\Spell_Slot.h">
      <Filter>50.UI\GamePlay_Canvas\Action_Panel\Spell_Slot</Filter>
    </ClInclude>
    <ClInclude Include="..\public\Spell_Overlay.h">
      <Filter>50.UI\GamePlay_Canvas\Action_Panel\Spell_Overlay</Filter>
    </ClInclude>
    <ClInclude Include="..\Public\Dummy_PhysXDoorSet.h">
      <Filter>02.GameObjects\Dummys\DummyPhysX\PhysXDoorSet</Filter>
    </ClInclude>
    <ClInclude Include="..\Public\Dummy_PhysXFixedDoor.h">
      <Filter>02.GameObjects\Dummys\DummyPhysX\PhysXDoorSet\PhysXFixedDoor</Filter>
    </ClInclude>
    <ClInclude Include="..\Public\Dummy_PhysXDoorFrame.h">
      <Filter>02.GameObjects\Dummys\DummyPhysX\PhysXDoorSet\PhysXDoorFrame</Filter>
    </ClInclude>
    <ClInclude Include="..\Public\Dummy_PhysXMonster.h">
      <Filter>02.GameObjects\Dummys\DummyPhysX\PhysXMonster</Filter>
    </ClInclude>
    <ClInclude Include="..\Public\CallBack_Monster_HitReport.h">
      <Filter>02.GameObjects\Dummys\DummyPhysX\00.Callback\HitReport\Monster</Filter>
    </ClInclude>
    <ClInclude Include="..\Public\CallBack_Monster_Behavior.h">
      <Filter>02.GameObjects\Dummys\DummyPhysX\00.Callback\Behavior\Monster</Filter>
    </ClInclude>
    <ClInclude Include="..\Public\CallBack_Playable_HitReport.h">
      <Filter>02.GameObjects\Dummys\DummyPhysX\00.Callback\HitReport\Playable</Filter>
    </ClInclude>
    <ClInclude Include="..\Public\CallBack_Playable_Behavior.h">
      <Filter>02.GameObjects\Dummys\DummyPhysX\00.Callback\Behavior\Playable</Filter>
    </ClInclude>
    <ClInclude Include="..\Public\Level_BloomViewer.h">
      <Filter>01.Level\65.BloomViewer</Filter>
    </ClInclude>
    <ClInclude Include="..\Public\Dummy_Globe.h">
      <Filter>02.GameObjects\Dummys\DummyGlobe</Filter>
    </ClInclude>
    <ClInclude Include="..\Public\State_Land.h">
      <Filter>80.State\Focus\State_Land</Filter>
    </ClInclude>
    <ClInclude Include="..\Public\Goblin.h">
      <Filter>02.GameObjects\Monster\Goblin</Filter>
    </ClInclude>
    <ClInclude Include="..\Public\State_Move.h">
      <Filter>80.State\Movement\State_Move</Filter>
    </ClInclude>
    <ClInclude Include="..\Public\State_Combat.h">
      <Filter>80.State\State_Combat</Filter>
    </ClInclude>
    <ClInclude Include="..\Public\TrailObject.h">
      <Filter>02.GameObjects\Layer_Effect\Effect\03.TrailObject</Filter>
    </ClInclude>
    <ClInclude Include="..\Public\Effect_Container.h">
      <Filter>02.GameObjects\Layer_Effect\Effect\04.Effect_Container</Filter>
    </ClInclude>
    <ClInclude Include="..\Public\NomalJap.h">
      <Filter>02.GameObjects\Layer_Effect\Effect\05.NomalJap</Filter>
    </ClInclude>
    <ClInclude Include="..\Public\Broom.h">
      <Filter>02.GameObjects\Broom</Filter>
    </ClInclude>
    <ClInclude Include="..\Public\Dummy_PhysXHitBox.h">
      <Filter>02.GameObjects\Dummys\DummyPhysX\PhysXHitBox</Filter>
    </ClInclude>
    <ClInclude Include="..\Public\CallBack_EffectHitBox_HitReport.h">
      <Filter>02.GameObjects\Dummys\DummyPhysX\00.Callback\HitReport\HitBox</Filter>
    </ClInclude>
    <ClInclude Include="..\Public\CallBack_EffectHitBox_Behavior.h">
      <Filter>02.GameObjects\Dummys\DummyPhysX\00.Callback\Behavior\HitBox</Filter>
    </ClInclude>
    <ClInclude Include="..\Public\Dummy_PhysXEffectHitBox.h">
      <Filter>02.GameObjects\Dummys\DummyPhysX\PhysXEffectHitBox</Filter>
    </ClInclude>
    <ClInclude Include="..\public\Slot_Number.h">
      <Filter>50.UI\GamePlay_Canvas\Action_Panel\Slot_Number</Filter>
    </ClInclude>
    <ClInclude Include="..\public\HpBarBG.h">
      <Filter>50.UI\GamePlay_Canvas\Action_Panel\HpBarBG</Filter>
    </ClInclude>
    <ClInclude Include="..\Public\Camera_Gaze.h">
      <Filter>02.GameObjects\Camera\Camera_Gaze</Filter>
    </ClInclude>
    <ClInclude Include="..\Public\CamPosition.h">
      <Filter>02.GameObjects\Camera\CameraPosition</Filter>
    </ClInclude>
    <ClInclude Include="..\Public\Wand.h">
      <Filter>02.GameObjects\Wand</Filter>
    </ClInclude>
    <ClInclude Include="..\Public\Bombard.h">
      <Filter>02.GameObjects\Layer_Effect\Effect\06.Bombard</Filter>
    </ClInclude>
    <ClInclude Include="..\Public\State_Root.h">
      <Filter>80.State</Filter>
    </ClInclude>
    <ClInclude Include="..\Public\Wand.h">
      <Filter>02.GameObjects\Wand</Filter>
    </ClInclude>
    <ClInclude Include="..\public\AlphaMap.h">
      <Filter>02.GameObjects\Env\05.AlphaMap</Filter>
    </ClInclude>
    <ClInclude Include="..\Public\Decendo.h">
      <Filter>02.GameObjects\Layer_Effect\Effect\07.Decendo</Filter>
    </ClInclude>
    <ClInclude Include="..\Public\Camera_Debug.h">
      <Filter>02.GameObjects\Camera\Debug</Filter>
    </ClInclude>
    <ClInclude Include="..\Public\CamPosition_Arm.h">
      <Filter>02.GameObjects\Camera\CameraPosition\Arm</Filter>
    </ClInclude>
    <ClInclude Include="..\Public\CamPosition_Socket.h">
      <Filter>02.GameObjects\Camera\CameraPosition\Socket</Filter>
    </ClInclude>
    <ClInclude Include="..\Public\CamPosition_Shoulder.h">
      <Filter>02.GameObjects\Camera\CameraPosition\Player\Shoulder</Filter>
    </ClInclude>
    <ClInclude Include="..\Public\CamPosition_Target.h">
      <Filter>02.GameObjects\Camera\CameraPosition\Player\Target</Filter>
    </ClInclude>
    <ClInclude Include="..\public\Spell_Slot_Preview.h">
      <Filter>50.UI\GamePlay_Canvas\Action_Panel\Spell_Slot_Preview</Filter>
    </ClInclude>
    <ClInclude Include="..\public\Potion.h">
      <Filter>50.UI\GamePlay_Canvas\Action_Panel\Potion</Filter>
    </ClInclude>
    <ClInclude Include="..\public\Magic_Meter.h">
      <Filter>50.UI\GamePlay_Canvas\Action_Panel\Magic_Meter</Filter>
    </ClInclude>
    <ClInclude Include="..\public\InstancedProp.h">
      <Filter>02.GameObjects\Env\06.InstancedProp</Filter>
    </ClInclude>
    <ClInclude Include="..\public\Magic_Icon.h">
      <Filter>50.UI\GamePlay_Canvas\Action_Panel\Magic_Icon</Filter>
    </ClInclude>
    <ClInclude Include="..\public\NoMountIcon.h">
      <Filter>50.UI\GamePlay_Canvas\MiniMap_Panel\NoMountIcon</Filter>
    </ClInclude>
    <ClInclude Include="..\public\Spell_UI.h">
      <Filter>50.UI\GamePlay_Canvas\Action_Panel\Spell_UI</Filter>
    </ClInclude>
    <ClInclude Include="..\public\Magic_Item.h">
      <Filter>50.UI\GamePlay_Canvas\Action_Panel\Magic_Item</Filter>
    </ClInclude>
    <ClInclude Include="..\Public\EffectPool.h">
      <Filter>02.GameObjects\Layer_Effect\EffectPool</Filter>
    </ClInclude>
    <ClInclude Include="..\Public\MissionBanner_Border.h">
      <Filter>50.UI\GamePlay_Canvas\Mission_Panel\MissionBanner_Border</Filter>
    </ClInclude>
    <ClInclude Include="..\public\Spell_Canvas.h">
      <Filter>50.UI\Spell_Canvas</Filter>
    </ClInclude>
    <ClInclude Include="..\public\Spell_Panel.h">
      <Filter>50.UI\Spell_Canvas\Spell_Panel</Filter>
    </ClInclude>
    <ClInclude Include="..\public\Current_Spell_Slot.h">
      <Filter>50.UI\Spell_Canvas\Spell_Panel\Current_Spell_Slot</Filter>
    </ClInclude>
    <ClInclude Include="..\public\Spell_List.h">
      <Filter>50.UI\Spell_Canvas\Spell_Panel\Spell_List</Filter>
    </ClInclude>
    <ClInclude Include="..\public\Eessential_Spell_Slot.h">
      <Filter>50.UI\Spell_Canvas\Spell_Panel\Eessential_Spell_Slot</Filter>
    </ClInclude>
    <ClInclude Include="..\public\Eessential_Spell.h">
      <Filter>50.UI\Spell_Canvas\Spell_Panel\Eessential_Spell</Filter>
    </ClInclude>
    <ClInclude Include="..\public\Spell_List_Image.h">
      <Filter>50.UI\Spell_Canvas\Spell_Panel\Spell_List_Image</Filter>
    </ClInclude>
    <ClInclude Include="..\public\Spell_State.h">
      <Filter>50.UI\Spell_Canvas\Spell_Panel\Spell_State</Filter>
    </ClInclude>
    <ClInclude Include="..\public\Spell_Hover.h">
      <Filter>50.UI\Spell_Canvas\Spell_Panel\Spell_Hober</Filter>
    </ClInclude>
    <ClInclude Include="..\public\Spell_Hover_Effect.h">
      <Filter>50.UI\Spell_Canvas\Spell_Panel\Spell_Hover_Effect</Filter>
    </ClInclude>
    <ClInclude Include="..\public\Spell_Preview.h">
      <Filter>50.UI\Spell_Canvas\Spell_Panel\Spell_Preview</Filter>
    </ClInclude>
    <ClInclude Include="..\public\Spell_Header.h">
      <Filter>50.UI\Spell_Canvas\Spell_Panel\Spell_Preview\Spell_Header</Filter>
    </ClInclude>
    <ClInclude Include="..\public\Spell_Header_Line.h">
      <Filter>50.UI\Spell_Canvas\Spell_Panel\Spell_Preview\Spell_Header_Line</Filter>
    </ClInclude>
  </ItemGroup>
  <ItemGroup>
    <Image Include="Editor.ico">
      <Filter>99.Define\DEFAULT</Filter>
    </Image>
    <Image Include="small.ico">
      <Filter>99.Define\DEFAULT</Filter>
    </Image>
  </ItemGroup>
  <ItemGroup>
    <ClCompile Include="Editor.cpp">
      <Filter>99.Define\DEFAULT</Filter>
    </ClCompile>
    <ClCompile Include="..\Private\MainApp.cpp">
      <Filter>00.MainApp</Filter>
    </ClCompile>
    <ClCompile Include="..\Private\Level_Loading.cpp">
      <Filter>01.Level\00.Loading</Filter>
    </ClCompile>
    <ClCompile Include="..\Private\Level_Logo.cpp">
      <Filter>01.Level\01.Logo</Filter>
    </ClCompile>
    <ClCompile Include="..\Private\pch.cpp">
      <Filter>99.Define\DEFAULT</Filter>
    </ClCompile>
    <ClCompile Include="..\Private\DummyRect.cpp">
      <Filter>02.GameObjects\Dummys\DummyRect</Filter>
    </ClCompile>
    <ClCompile Include="..\private\Level_UI.cpp">
      <Filter>01.Level\50.UIViewer</Filter>
    </ClCompile>
    <ClCompile Include="..\private\Mission_Panel.cpp">
      <Filter>50.UI\GamePlay_Canvas\Mission_Panel</Filter>
    </ClCompile>
    <ClCompile Include="..\private\Mouse_Cursor.cpp">
      <Filter>50.UI\Mouse_Cursor</Filter>
    </ClCompile>
    <ClCompile Include="..\Private\Level_ObjectViewer.cpp">
      <Filter>01.Level\20.ObjectViewer</Filter>
    </ClCompile>
    <ClCompile Include="..\Private\Dummy_Cube.cpp">
      <Filter>02.GameObjects\Dummys\DummyCube</Filter>
    </ClCompile>
    <ClCompile Include="..\Private\Body.cpp">
      <Filter>02.GameObjects\ModelParts\Body</Filter>
    </ClCompile>
    <ClCompile Include="..\Private\Head.cpp">
      <Filter>02.GameObjects\ModelParts\Head</Filter>
    </ClCompile>
    <ClCompile Include="..\Private\Loader.cpp">
      <Filter>01.Level\00.Loading\Loader</Filter>
    </ClCompile>
    <ClCompile Include="..\Private\Level_EffectViewer.cpp">
      <Filter>01.Level\40.EffectViewer</Filter>
    </ClCompile>
    <ClCompile Include="..\Private\EffectObject.cpp">
      <Filter>02.GameObjects\Layer_Effect\Effect\00.EffectObject</Filter>
    </ClCompile>
    <ClCompile Include="..\Private\TestEffect.cpp">
      <Filter>02.GameObjects\Layer_Effect\Effect\01.TestEffect</Filter>
    </ClCompile>
    <ClCompile Include="..\Private\EditEffect.cpp">
      <Filter>02.GameObjects\Layer_Effect\Effect\02.EditEffect</Filter>
    </ClCompile>
    <ClCompile Include="..\Private\Effect_Editor.cpp">
      <Filter>02.GameObjects\Layer_Effect\Effect_Editor</Filter>
    </ClCompile>
    <ClCompile Include="..\private\LoadingWidget.cpp">
      <Filter>50.UI\GamePlay_Canvas\Loding_Panel\LoadingWidget</Filter>
    </ClCompile>
    <ClCompile Include="..\private\MissionBanner_Key.cpp">
      <Filter>50.UI\GamePlay_Canvas\Mission_Panel\MissionBanner_Key</Filter>
    </ClCompile>
    <ClCompile Include="..\private\Mission_Icon.cpp">
      <Filter>50.UI\GamePlay_Canvas\Mission_Panel\Mission_Icon</Filter>
    </ClCompile>
    <ClCompile Include="..\private\MiniMap_TrimBorder.cpp">
      <Filter>50.UI\GamePlay_Canvas\MiniMap_Panel\MiniMap_TrimBorder</Filter>
    </ClCompile>
    <ClCompile Include="..\private\IMGUIUI.cpp">
      <Filter>50.UI\IMGUIUI</Filter>
    </ClCompile>
    <ClCompile Include="..\private\GamePlay_Canvas.cpp">
      <Filter>50.UI\GamePlay_Canvas</Filter>
    </ClCompile>
    <ClCompile Include="..\private\LoadingWidget_Flame.cpp">
      <Filter>50.UI\GamePlay_Canvas\Loding_Panel\LoadingWidget_Flame</Filter>
    </ClCompile>
    <ClCompile Include="..\private\MiniMap_Panel.cpp">
      <Filter>50.UI\GamePlay_Canvas\MiniMap_Panel</Filter>
    </ClCompile>
    <ClCompile Include="..\private\Loading_Panel.cpp">
      <Filter>50.UI\GamePlay_Canvas\Loding_Panel</Filter>
    </ClCompile>
    <ClCompile Include="..\private\Level_MapViewer.cpp">
      <Filter>01.Level\30.MapViewer</Filter>
    </ClCompile>
    <ClCompile Include="..\private\Terrain.cpp">
      <Filter>02.GameObjects\Terrain</Filter>
    </ClCompile>
    <ClCompile Include="..\private\MapObject_Manager.cpp">
      <Filter>02.GameObjects\Env\00.Manger</Filter>
    </ClCompile>
    <ClCompile Include="..\Private\Level_PhysXLab.cpp">
      <Filter>01.Level\60.PhysXLab</Filter>
    </ClCompile>
    <ClCompile Include="..\Private\Hair.cpp">
      <Filter>02.GameObjects\ModelParts\Hair</Filter>
    </ClCompile>
    <ClCompile Include="..\Private\ModelParts.cpp">
      <Filter>02.GameObjects\ModelParts</Filter>
    </ClCompile>
    <ClCompile Include="..\Private\RootModelPart.cpp">
      <Filter>02.GameObjects\ModelParts\RootModelPart</Filter>
    </ClCompile>
    <ClCompile Include="..\Private\Monster.cpp">
      <Filter>02.GameObjects\Monster</Filter>
    </ClCompile>
    <ClCompile Include="..\Private\Dummy_PhysXBox.cpp">
      <Filter>02.GameObjects\Dummys\DummyPhysX\PhysXBox</Filter>
    </ClCompile>
    <ClCompile Include="..\Private\Dummy_PhysXMesh.cpp">
      <Filter>02.GameObjects\Dummys\DummyPhysX\PhysXMesh</Filter>
    </ClCompile>
    <ClCompile Include="..\Private\LoadingWidget.cpp">
      <Filter>50.UI\LoadingWidget</Filter>
    </ClCompile>
    <ClCompile Include="..\Private\LoadingWidget.cpp">
      <Filter>50.UI\GamePlay_Canvas\Loding_Panel\LoadingWidget</Filter>
    </ClCompile>
    <ClCompile Include="..\Private\DummyObject.cpp">
      <Filter>02.GameObjects\Dummys\DummyObject</Filter>
    </ClCompile>
    <ClCompile Include="..\private\MapContainer.cpp">
      <Filter>02.GameObjects\Env\01.MapContainer</Filter>
    </ClCompile>
    <ClCompile Include="..\private\BuildingContainer.cpp">
      <Filter>02.GameObjects\Env\01.MapContainer\BuildingContainer</Filter>
    </ClCompile>
    <ClCompile Include="..\private\MapObject.cpp">
      <Filter>02.GameObjects\Env\02.MapObject</Filter>
    </ClCompile>
    <ClCompile Include="..\private\MapObject_Collision.cpp">
      <Filter>02.GameObjects\Env\02.MapObject\Static</Filter>
    </ClCompile>
    <ClCompile Include="..\private\MapObject_LOD.cpp">
      <Filter>02.GameObjects\Env\02.MapObject\LOD</Filter>
    </ClCompile>
    <ClCompile Include="..\private\MapContainer.cpp">
      <Filter>02.GameObjects\Env\01.MapContainer</Filter>
    </ClCompile>
    <ClCompile Include="..\private\BuildingContainer.cpp">
      <Filter>02.GameObjects\Env\01.MapContainer\BuildingContainer</Filter>
    </ClCompile>
    <ClCompile Include="..\private\MapObject.cpp">
      <Filter>02.GameObjects\Env\02.MapObject</Filter>
    </ClCompile>
    <ClCompile Include="..\private\MapObject_LOD.cpp">
      <Filter>02.GameObjects\Env\02.MapObject\LOD</Filter>
    </ClCompile>
    <ClCompile Include="..\Private\Dummy_PhysXPlayable.cpp">
      <Filter>02.GameObjects\Dummys\DummyPhysX\PhysXPlayable</Filter>
    </ClCompile>
    <ClCompile Include="..\private\MapElement.cpp">
      <Filter>02.GameObjects\Env\03.MapElement</Filter>
    </ClCompile>
    <ClCompile Include="..\private\MapElement_Static.cpp">
      <Filter>02.GameObjects\Env\03.MapElement\Static</Filter>
    </ClCompile>
    <ClCompile Include="..\private\MapElement_Interactable.cpp">
      <Filter>02.GameObjects\Env\03.MapElement\Interactable</Filter>
    </ClCompile>
    <ClCompile Include="..\private\DummySkyBox.cpp">
      <Filter>02.GameObjects\Dummys\DummySkyBox</Filter>
    </ClCompile>
    <ClCompile Include="..\Private\MainLight.cpp">
      <Filter>02.GameObjects\MainLight</Filter>
    </ClCompile>
    <ClCompile Include="..\Private\Dummy_Plane.cpp">
      <Filter>02.GameObjects\Layer_Effect\Dummy_Plane</Filter>
    </ClCompile>
    <ClCompile Include="..\Private\Dummy_PhysXFreeDoor.cpp">
      <Filter>02.GameObjects\Dummys\DummyPhysX\PhysXFreeDoor</Filter>
    </ClCompile>
    <ClCompile Include="..\Private\Dummy_PhysXPlatform.cpp">
      <Filter>02.GameObjects\Dummys\DummyPhysX\PhysXPlatform</Filter>
    </ClCompile>
    <ClCompile Include="..\Private\Dummy_PhysXWall.cpp">
      <Filter>02.GameObjects\Dummys\DummyPhysX\PhysXWall</Filter>
    </ClCompile>
    <ClCompile Include="..\Private\Dummy_PhysXDoorSet.cpp">
      <Filter>02.GameObjects\Dummys\DummyPhysX\PhysXDoorSet</Filter>
    </ClCompile>
    <ClCompile Include="..\Private\Dummy_PhysXFixedDoor.cpp">
      <Filter>02.GameObjects\Dummys\DummyPhysX\PhysXDoorSet\PhysXFixedDoor</Filter>
    </ClCompile>
    <ClCompile Include="..\Private\Dummy_PhysXDoorFrame.cpp">
      <Filter>02.GameObjects\Dummys\DummyPhysX\PhysXDoorSet\PhysXDoorFrame</Filter>
    </ClCompile>
    <ClCompile Include="..\Private\State_Dodge.cpp">
      <Filter>80.State\Focus\State_Dodge</Filter>
    </ClCompile>
    <ClCompile Include="..\Private\State_Idle.cpp">
      <Filter>80.State\Movement\State_Idle</Filter>
    </ClCompile>
    <ClCompile Include="..\Private\State_Jump.cpp">
      <Filter>80.State\Focus\State_Jump</Filter>
    </ClCompile>
    <ClCompile Include="..\private\Land.cpp">
      <Filter>02.GameObjects\Env\04.Land</Filter>
    </ClCompile>
    <ClCompile Include="..\Private\Action_Panel.cpp">
      <Filter>50.UI\GamePlay_Canvas\Action_Panel</Filter>
    </ClCompile>
    <ClCompile Include="..\private\Spell_Slot.cpp">
      <Filter>50.UI\GamePlay_Canvas\Action_Panel\Spell_Slot</Filter>
    </ClCompile>
    <ClCompile Include="..\private\Spell_Overlay.cpp">
      <Filter>50.UI\GamePlay_Canvas\Action_Panel\Spell_Overlay</Filter>
    </ClCompile>
    <ClCompile Include="..\Private\Dummy_PhysXMonster.cpp">
      <Filter>02.GameObjects\Dummys\DummyPhysX\PhysXMonster</Filter>
    </ClCompile>
    <ClCompile Include="..\Private\CallBack_Monster_HitReport.cpp">
      <Filter>02.GameObjects\Dummys\DummyPhysX\00.Callback\HitReport\Monster</Filter>
    </ClCompile>
    <ClCompile Include="..\Private\CallBack_Monster_Behavior.cpp">
      <Filter>02.GameObjects\Dummys\DummyPhysX\00.Callback\Behavior\Monster</Filter>
    </ClCompile>
    <ClCompile Include="..\Private\CallBack_Playable_HitReport.cpp">
      <Filter>02.GameObjects\Dummys\DummyPhysX\00.Callback\HitReport\Playable</Filter>
    </ClCompile>
    <ClCompile Include="..\Private\CallBack_Playable_Behavior.cpp">
      <Filter>02.GameObjects\Dummys\DummyPhysX\00.Callback\Behavior\Playable</Filter>
    </ClCompile>
    <ClCompile Include="..\Private\Level_BloomViewer.cpp">
      <Filter>01.Level\65.BloomViewer</Filter>
    </ClCompile>
    <ClCompile Include="..\Private\Dummy_Globe.cpp">
      <Filter>02.GameObjects\Dummys\DummyGlobe</Filter>
    </ClCompile>
    <ClCompile Include="..\Private\State_Land.cpp">
      <Filter>80.State\Focus\State_Land</Filter>
    </ClCompile>
    <ClCompile Include="..\Private\Goblin.cpp">
      <Filter>02.GameObjects\Monster\Goblin</Filter>
    </ClCompile>
    <ClCompile Include="..\Private\State_Move.cpp">
      <Filter>80.State\Movement\State_Move</Filter>
    </ClCompile>
    <ClCompile Include="..\Private\State_Combat.cpp">
      <Filter>80.State\State_Combat</Filter>
    </ClCompile>
    <ClCompile Include="..\Private\TrailObject.cpp">
      <Filter>02.GameObjects\Layer_Effect\Effect\03.TrailObject</Filter>
    </ClCompile>
    <ClCompile Include="..\Private\Effect_Container.cpp">
      <Filter>02.GameObjects\Layer_Effect\Effect\04.Effect_Container</Filter>
    </ClCompile>
    <ClCompile Include="..\Private\NomalJap.cpp">
      <Filter>02.GameObjects\Layer_Effect\Effect\05.NomalJap</Filter>
    </ClCompile>
    <ClCompile Include="..\Private\Broom.cpp">
      <Filter>02.GameObjects\Broom</Filter>
    </ClCompile>
    <ClCompile Include="..\Private\Dummy_PhysXHitBox.cpp">
      <Filter>02.GameObjects\Dummys\DummyPhysX\PhysXHitBox</Filter>
    </ClCompile>
    <ClCompile Include="..\Private\CallBack_EffectHitBox_HitReport.cpp">
      <Filter>02.GameObjects\Dummys\DummyPhysX\00.Callback\HitReport\HitBox</Filter>
    </ClCompile>
    <ClCompile Include="..\Private\CallBack_EffectHitBox_Behavior.cpp">
      <Filter>02.GameObjects\Dummys\DummyPhysX\00.Callback\Behavior\HitBox</Filter>
    </ClCompile>
    <ClCompile Include="..\Private\Dummy_PhysXEffectHitBox.cpp">
      <Filter>02.GameObjects\Dummys\DummyPhysX\PhysXEffectHitBox</Filter>
    </ClCompile>
    <ClCompile Include="..\private\Slot_Number.cpp">
      <Filter>50.UI\GamePlay_Canvas\Action_Panel\Slot_Number</Filter>
    </ClCompile>
    <ClCompile Include="..\private\HpBarBG.cpp">
      <Filter>50.UI\GamePlay_Canvas\Action_Panel\HpBarBG</Filter>
    </ClCompile>
    <ClCompile Include="..\Private\Camera_Gaze.cpp">
      <Filter>02.GameObjects\Camera\Camera_Gaze</Filter>
    </ClCompile>
    <ClCompile Include="..\Private\CamPosition.cpp">
      <Filter>02.GameObjects\Camera\CameraPosition</Filter>
    </ClCompile>
    <ClCompile Include="..\Private\Wand.cpp">
      <Filter>02.GameObjects\Wand</Filter>
    </ClCompile>
    <ClCompile Include="..\Private\State_Root.cpp">
      <Filter>80.State</Filter>
    </ClCompile>
    <ClCompile Include="..\Private\Player.cpp">
      <Filter>02.GameObjects\Player</Filter>
    </ClCompile>
    <ClCompile Include="..\Private\Bombard.cpp">
      <Filter>02.GameObjects\Layer_Effect\Effect\06.Bombard</Filter>
    </ClCompile>
    <ClCompile Include="..\private\AlphaMap.cpp">
      <Filter>02.GameObjects\Env\05.AlphaMap</Filter>
    </ClCompile>
    <ClCompile Include="..\Private\Decendo.cpp">
      <Filter>02.GameObjects\Layer_Effect\Effect\07.Decendo</Filter>
    </ClCompile>
    <ClCompile Include="..\private\Spell_Slot_Preview.cpp">
      <Filter>50.UI\GamePlay_Canvas\Action_Panel\Spell_Slot_Preview</Filter>
    </ClCompile>
    <ClCompile Include="..\private\Potion.cpp">
      <Filter>50.UI\GamePlay_Canvas\Action_Panel\Potion</Filter>
    </ClCompile>
    <ClCompile Include="..\private\Magic_Meter.cpp">
      <Filter>50.UI\GamePlay_Canvas\Action_Panel\Magic_Meter</Filter>
    </ClCompile>
    <ClCompile Include="..\Private\Camera_Debug.cpp">
      <Filter>02.GameObjects\Camera\Debug</Filter>
    </ClCompile>
    <ClCompile Include="..\Private\CamPosition_Arm.cpp">
      <Filter>02.GameObjects\Camera\CameraPosition\Arm</Filter>
    </ClCompile>
    <ClCompile Include="..\Private\CamPosition_Socket.cpp">
      <Filter>02.GameObjects\Camera\CameraPosition\Socket</Filter>
    </ClCompile>
    <ClCompile Include="..\Private\CamPosition_Shoulder.cpp">
      <Filter>02.GameObjects\Camera\CameraPosition\Player\Shoulder</Filter>
    </ClCompile>
    <ClCompile Include="..\Private\CamPosition_Target.cpp">
      <Filter>02.GameObjects\Camera\CameraPosition\Player\Target</Filter>
    </ClCompile>
    <ClCompile Include="..\Private\Player_States.cpp">
      <Filter>02.GameObjects\Player</Filter>
    </ClCompile>
    <ClCompile Include="..\private\InstancedProp.cpp">
      <Filter>02.GameObjects\Env\06.InstancedProp</Filter>
    </ClCompile>
    <ClCompile Include="..\private\Magic_Icon.cpp">
      <Filter>50.UI\GamePlay_Canvas\Action_Panel\Magic_Icon</Filter>
    </ClCompile>
    <ClCompile Include="..\private\NoMountIcon.cpp">
      <Filter>50.UI\GamePlay_Canvas\MiniMap_Panel\NoMountIcon</Filter>
    </ClCompile>
    <ClCompile Include="..\private\Spell_UI.cpp">
      <Filter>50.UI\GamePlay_Canvas\Action_Panel\Spell_UI</Filter>
    </ClCompile>
    <ClCompile Include="..\Private\Goblin_States.cpp">
      <Filter>02.GameObjects\Monster\Goblin</Filter>
    </ClCompile>
    <ClCompile Include="..\private\Magic_Item.cpp">
      <Filter>50.UI\GamePlay_Canvas\Action_Panel\Magic_Item</Filter>
    </ClCompile>
    <ClCompile Include="..\Private\EffectPool.cpp">
      <Filter>02.GameObjects\Layer_Effect\EffectPool</Filter>
    </ClCompile>
    <ClCompile Include="..\Private\MissionBanner_Border.cpp">
      <Filter>50.UI\GamePlay_Canvas\Mission_Panel\MissionBanner_Border</Filter>
    </ClCompile>
    <ClCompile Include="..\private\Spell_Canvas.cpp">
      <Filter>50.UI\Spell_Canvas</Filter>
    </ClCompile>
    <ClCompile Include="..\private\Spell_Panel.cpp">
      <Filter>50.UI\Spell_Canvas\Spell_Panel</Filter>
    </ClCompile>
    <ClCompile Include="..\private\Current_Spell_Slot.cpp">
      <Filter>50.UI\Spell_Canvas\Spell_Panel\Current_Spell_Slot</Filter>
    </ClCompile>
    <ClCompile Include="..\private\Spell_List.cpp">
      <Filter>50.UI\Spell_Canvas\Spell_Panel\Spell_List</Filter>
    </ClCompile>
    <ClCompile Include="..\private\Eessential_Spell_Slot.cpp">
      <Filter>50.UI\Spell_Canvas\Spell_Panel\Eessential_Spell_Slot</Filter>
    </ClCompile>
    <ClCompile Include="..\private\Eessential_Spell.cpp">
      <Filter>50.UI\Spell_Canvas\Spell_Panel\Eessential_Spell</Filter>
    </ClCompile>
    <ClCompile Include="..\private\Spell_List_Image.cpp">
      <Filter>50.UI\Spell_Canvas\Spell_Panel\Spell_List_Image</Filter>
    </ClCompile>
    <ClCompile Include="..\private\Spell_State.cpp">
      <Filter>50.UI\Spell_Canvas\Spell_Panel\Spell_State</Filter>
    </ClCompile>
    <ClCompile Include="..\private\Spell_Hover.cpp">
      <Filter>50.UI\Spell_Canvas\Spell_Panel\Spell_Hober</Filter>
    </ClCompile>
    <ClCompile Include="..\private\Spell_Hover_Effect.cpp">
      <Filter>50.UI\Spell_Canvas\Spell_Panel\Spell_Hover_Effect</Filter>
    </ClCompile>
    <ClCompile Include="..\private\Spell_Preview.cpp">
      <Filter>50.UI\Spell_Canvas\Spell_Panel\Spell_Preview</Filter>
    </ClCompile>
    <ClCompile Include="..\Private\Spell_Header.cpp">
      <Filter>50.UI\Spell_Canvas\Spell_Panel\Spell_Preview\Spell_Header</Filter>
    </ClCompile>
    <ClCompile Include="..\private\Spell_Header_Line.cpp">
      <Filter>50.UI\Spell_Canvas\Spell_Panel\Spell_Preview\Spell_Header_Line</Filter>
    </ClCompile>
  </ItemGroup>
  <ItemGroup>
    <ResourceCompile Include="Editor.rc">
      <Filter>99.Define\DEFAULT</Filter>
    </ResourceCompile>
  </ItemGroup>
  <ItemGroup>
    <FxCompile Include="..\Bin\Resources\ShaderFiles\Shader_VtxAnimMesh.hlsl">
      <Filter>99.Define\SHADER</Filter>
    </FxCompile>
    <FxCompile Include="..\Bin\Resources\ShaderFiles\Shader_VtxMesh.hlsl">
      <Filter>99.Define\SHADER</Filter>
    </FxCompile>
    <FxCompile Include="..\Bin\Resources\ShaderFiles\Shader_VtxNorTex.hlsl">
      <Filter>99.Define\SHADER</Filter>
    </FxCompile>
    <FxCompile Include="..\Bin\Resources\ShaderFiles\Shader_VtxPointParticle.hlsl">
      <Filter>99.Define\SHADER</Filter>
    </FxCompile>
    <FxCompile Include="..\Bin\Resources\ShaderFiles\Shader_VtxPosTex.hlsl">
      <Filter>99.Define\SHADER</Filter>
    </FxCompile>
    <FxCompile Include="..\Bin\Resources\ShaderFiles\Shader_UIEditor.hlsl">
      <Filter>99.Define\SHADER</Filter>
    </FxCompile>
    <FxCompile Include="..\Bin\Resources\ShaderFiles\Shader_VtxModelInstance.hlsl">
      <Filter>99.Define\SHADER</Filter>
    </FxCompile>
    <FxCompile Include="..\Bin\Resources\ShaderFiles\Shader_UI_Instance.hlsl">
      <Filter>99.Define\SHADER</Filter>
    </FxCompile>
    <FxCompile Include="..\Bin\Resources\ShaderFiles\Shader_VtxWorldModelInstance.hlsl">
      <Filter>99.Define\SHADER</Filter>
    </FxCompile>
  </ItemGroup>
</Project>