<?xml version="1.0" encoding="utf-8"?>
<Project ToolsVersion="4.0" xmlns="http://schemas.microsoft.com/developer/msbuild/2003">
  <ItemGroup>
    <Filter Include="99.Define">
      <UniqueIdentifier>{c639ae17-df43-46bf-b703-13e6a1cb5390}</UniqueIdentifier>
    </Filter>
    <Filter Include="99.Define\SHADER">
      <UniqueIdentifier>{2ba9f1c9-af17-4750-ad96-1f74272f36aa}</UniqueIdentifier>
    </Filter>
    <Filter Include="99.Define\DEFAULT">
      <UniqueIdentifier>{d2bc8c26-c2f1-4430-bc71-05b1d260a3e6}</UniqueIdentifier>
    </Filter>
    <Filter Include="01.Level">
      <UniqueIdentifier>{84180928-9f81-4b54-a492-0b60d1de4573}</UniqueIdentifier>
    </Filter>
    <Filter Include="02.GameObjects">
      <UniqueIdentifier>{79dcc46a-5ae9-48bb-962b-8984b15e4f5a}</UniqueIdentifier>
    </Filter>
    <Filter Include="03.Information">
      <UniqueIdentifier>{fc210c4d-b8a6-4ed4-b19c-4bd175232e5f}</UniqueIdentifier>
    </Filter>
    <Filter Include="00.MainApp">
      <UniqueIdentifier>{47a1f529-dd0e-4f37-9ada-5aa6731dea0b}</UniqueIdentifier>
    </Filter>
    <Filter Include="01.Level\00.Loading">
      <UniqueIdentifier>{a93b491c-23f3-4297-b393-8653d245270e}</UniqueIdentifier>
    </Filter>
    <Filter Include="01.Level\01.Logo">
      <UniqueIdentifier>{d2b37133-49a9-44dc-9b6f-0dbfcf322be6}</UniqueIdentifier>
    </Filter>
    <Filter Include="01.Level\30.MapViewer">
      <UniqueIdentifier>{89cc185d-9692-465b-8004-f17d5613b6e0}</UniqueIdentifier>
    </Filter>
    <Filter Include="01.Level\40.EffectViewer">
      <UniqueIdentifier>{e8b03d0e-3f3f-4e58-98c0-d4e8b8c123c1}</UniqueIdentifier>
    </Filter>
    <Filter Include="01.Level\20.ObjectViewer">
      <UniqueIdentifier>{d1083821-eca9-4cfc-8cd3-57aac01bd812}</UniqueIdentifier>
    </Filter>
    <Filter Include="01.Level\00.Loading\Loader">
      <UniqueIdentifier>{475d1e29-da38-4fe5-a31c-7d1aa7129c7b}</UniqueIdentifier>
    </Filter>
    <Filter Include="02.GameObjects\Dummys">
      <UniqueIdentifier>{fb090860-8f24-4f71-9daf-7fd971a8f5c2}</UniqueIdentifier>
    </Filter>
    <Filter Include="02.GameObjects\Dummys\DebugCamera">
      <UniqueIdentifier>{0eeb6d5c-db23-4147-b981-8346c879a1eb}</UniqueIdentifier>
    </Filter>
    <Filter Include="02.GameObjects\Dummys\DummyObject">
      <UniqueIdentifier>{085e6bcb-1fe4-4857-bfc6-ed6fc0218358}</UniqueIdentifier>
    </Filter>
    <Filter Include="02.GameObjects\Dummys\DummyCube">
      <UniqueIdentifier>{91ef449e-1e1e-445f-8387-caf587c37216}</UniqueIdentifier>
    </Filter>
    <Filter Include="02.GameObjects\Env">
      <UniqueIdentifier>{1f58b759-0d65-4092-ad42-da21c974ea12}</UniqueIdentifier>
    </Filter>
    <Filter Include="02.GameObjects\Dummys\DummyRect">
      <UniqueIdentifier>{130c848e-6ab6-4b45-b12c-56db07e2c2f4}</UniqueIdentifier>
    </Filter>
    <Filter Include="01.Level\50.UIViewer">
      <UniqueIdentifier>{6ef26778-6dfa-4880-807e-ad5306a3c26c}</UniqueIdentifier>
    </Filter>
    <Filter Include="50.UI">
      <UniqueIdentifier>{627570ac-7129-4888-bdd1-467149dbcf35}</UniqueIdentifier>
    </Filter>
    <Filter Include="50.UI\Mouse_Cursor">
      <UniqueIdentifier>{b5d188ff-5925-40bd-8da4-2ed00c89f730}</UniqueIdentifier>
    </Filter>
    <Filter Include="02.GameObjects\Dummy_Goblin">
      <UniqueIdentifier>{0ebb9c08-69b0-49b6-bac3-c827ca13319a}</UniqueIdentifier>
    </Filter>
    <Filter Include="02.GameObjects\Dummy_Goblin\Dummy_Goblin_Head">
      <UniqueIdentifier>{69af10ea-e8f1-4455-9435-93857b7eb198}</UniqueIdentifier>
    </Filter>
    <Filter Include="02.GameObjects\ModelParts">
      <UniqueIdentifier>{a04e88c3-dabb-4a91-8b9f-ce7f5562def6}</UniqueIdentifier>
    </Filter>
    <Filter Include="02.GameObjects\ModelParts\Head">
      <UniqueIdentifier>{a483f296-1312-4b29-8b8f-ce47654cd09e}</UniqueIdentifier>
    </Filter>
    <Filter Include="02.GameObjects\ModelParts\Body">
      <UniqueIdentifier>{763765ed-6960-4837-946e-20ff88d8e350}</UniqueIdentifier>
    </Filter>
    <Filter Include="02.GameObjects\ModelParts\Hair">
      <UniqueIdentifier>{7ac7ca7b-7e52-498b-adfe-3a8e602b0904}</UniqueIdentifier>
    </Filter>
    <Filter Include="02.GameObjects\Layer_Effect">
      <UniqueIdentifier>{32909f25-6113-4bd6-81a8-9415d993b221}</UniqueIdentifier>
    </Filter>
    <Filter Include="02.GameObjects\Layer_Effect\Effect">
      <UniqueIdentifier>{a9a30c22-af8f-421a-8901-edfb8146f59d}</UniqueIdentifier>
    </Filter>
    <Filter Include="02.GameObjects\Layer_Effect\Effect\00.EffectObject">
      <UniqueIdentifier>{8a5ffca8-725a-42ee-a3eb-3c79df09dec9}</UniqueIdentifier>
    </Filter>
    <Filter Include="02.GameObjects\Layer_Effect\Effect\01.TestEffect">
      <UniqueIdentifier>{32718f84-d863-48d2-8611-90c40f2ba1c5}</UniqueIdentifier>
    </Filter>
    <Filter Include="02.GameObjects\Layer_Effect\Effect\02.EditEffect">
      <UniqueIdentifier>{ba468252-bba3-46e4-bf61-e726a59060ad}</UniqueIdentifier>
    </Filter>
    <Filter Include="02.GameObjects\Layer_Effect\Effect_Editor">
      <UniqueIdentifier>{5b31b993-b137-42d2-b737-000aeb27a675}</UniqueIdentifier>
    </Filter>
    <Filter Include="50.UI\IMGUIUI">
      <UniqueIdentifier>{f60f1948-8c11-4796-843a-8c38f10043e3}</UniqueIdentifier>
    </Filter>
    <Filter Include="50.UI\GamePlay_Canvas">
      <UniqueIdentifier>{9900c91e-574d-4d80-b8bc-142c971fb7b4}</UniqueIdentifier>
    </Filter>
    <Filter Include="50.UI\GamePlay_Canvas\Mission_Panel">
      <UniqueIdentifier>{b652ee5a-69ca-4c85-8c6c-def398a4dd23}</UniqueIdentifier>
    </Filter>
    <Filter Include="50.UI\GamePlay_Canvas\Mission_Panel\Mission_Key">
      <UniqueIdentifier>{887de1c6-ada2-4dc8-be5c-bcef4213e3b6}</UniqueIdentifier>
    </Filter>
    <Filter Include="50.UI\GamePlay_Canvas\Mission_Panel\Mission_KeyHold">
      <UniqueIdentifier>{3804137e-7af7-40db-b729-8afa81035b35}</UniqueIdentifier>
    </Filter>
    <Filter Include="50.UI\GamePlay_Canvas\Mission_Panel\MissionBanner_Key">
      <UniqueIdentifier>{f897068c-184a-4bb2-a4fb-e74ec1877b02}</UniqueIdentifier>
    </Filter>
    <Filter Include="50.UI\GamePlay_Canvas\Mission_Panel\MissionBanner_Border">
      <UniqueIdentifier>{d1c99bb3-369e-49b9-93f9-6b8536579cb5}</UniqueIdentifier>
    </Filter>
    <Filter Include="50.UI\GamePlay_Canvas\Mission_Panel\Mission_Icon">
      <UniqueIdentifier>{5da34159-e4a2-4b4b-a7a0-a65966579e2f}</UniqueIdentifier>
    </Filter>
    <Filter Include="50.UI\GamePlay_Canvas\Mission_Panel\Active_Icon">
      <UniqueIdentifier>{977fe4d3-c3b5-413c-80fe-777ece19453e}</UniqueIdentifier>
    </Filter>
    <Filter Include="50.UI\GamePlay_Canvas\MiniMap_Panel">
      <UniqueIdentifier>{61a808c7-2765-42d9-8b4c-b4bed93b013e}</UniqueIdentifier>
    </Filter>
    <Filter Include="50.UI\GamePlay_Canvas\MiniMap_Panel\MiniMap_TrimBorder">
      <UniqueIdentifier>{999ed728-0bc5-425c-b861-1422c77ccbe6}</UniqueIdentifier>
    </Filter>
    <Filter Include="50.UI\GamePlay_Canvas\Loding_Panel">
      <UniqueIdentifier>{f21ccde9-97d1-4700-af94-2e5cf21a72c4}</UniqueIdentifier>
    </Filter>
    <Filter Include="50.UI\GamePlay_Canvas\Loding_Panel\LoadingWidget">
      <UniqueIdentifier>{167182ec-ed5f-46fc-9c27-a82e327fa1ac}</UniqueIdentifier>
    </Filter>
    <Filter Include="02.GameObjects\Terrain">
      <UniqueIdentifier>{44a3ddc2-3993-48d6-840c-3da09daeab70}</UniqueIdentifier>
    </Filter>
    <Filter Include="01.Level\60.PhysXLab">
      <UniqueIdentifier>{943a760b-2861-45b7-87b8-462e1309c172}</UniqueIdentifier>
    </Filter>
    <Filter Include="02.GameObjects\ModelParts\RootModelPart">
      <UniqueIdentifier>{a9a39942-3c35-4932-b845-e8d1787f3ec3}</UniqueIdentifier>
    </Filter>
    <Filter Include="02.GameObjects\Monster">
      <UniqueIdentifier>{a2944f33-1db0-480a-b793-7ec7f81e8116}</UniqueIdentifier>
    </Filter>
    <Filter Include="50.UI\GamePlay_Canvas\Loding_Panel\LoadingWidget_Flame">
      <UniqueIdentifier>{c347da03-98f1-4095-a4e4-2c840c308916}</UniqueIdentifier>
    </Filter>
    <Filter Include="02.GameObjects\Dummys\DummyPhysX">
      <UniqueIdentifier>{de3719fe-5a3a-45bd-ae8f-67533b8150fc}</UniqueIdentifier>
    </Filter>
    <Filter Include="02.GameObjects\Dummys\DummyPhysX\PhysXPlayable">
      <UniqueIdentifier>{ad93e84b-166d-4ba2-9103-f4fe0171b2ac}</UniqueIdentifier>
    </Filter>
    <Filter Include="02.GameObjects\Dummys\DummyPhysX\PhysXBox">
      <UniqueIdentifier>{c7e7d3c7-fd26-4035-88b4-11233459559c}</UniqueIdentifier>
    </Filter>
    <Filter Include="02.GameObjects\Dummys\DummyPhysX\PhysXMesh">
      <UniqueIdentifier>{15a9dfe7-f3f7-4906-8bd4-91734f4ddc92}</UniqueIdentifier>
    </Filter>
    <Filter Include="02.GameObjects\Env\00.Manger">
      <UniqueIdentifier>{584466e9-fe1a-4a7d-a4ba-54d62ee1a7c1}</UniqueIdentifier>
    </Filter>
    <Filter Include="02.GameObjects\Env\01.MapContainer">
      <UniqueIdentifier>{d925c13c-6d66-4632-8bef-172baa566920}</UniqueIdentifier>
    </Filter>
    <Filter Include="02.GameObjects\Env\01.MapContainer\BuildingContainer">
      <UniqueIdentifier>{9643531b-3b64-4a3b-9ba7-e372b4e4ddba}</UniqueIdentifier>
    </Filter>
    <Filter Include="02.GameObjects\Env\02.MapObject">
      <UniqueIdentifier>{702dfe26-f6b0-4aa0-b8d5-79385c0191d1}</UniqueIdentifier>
    </Filter>
    <Filter Include="02.GameObjects\Env\02.MapObject\Static">
      <UniqueIdentifier>{bc80fcba-1ebd-497c-a40d-973e44ad3ef8}</UniqueIdentifier>
    </Filter>
    <Filter Include="02.GameObjects\Env\02.MapObject\LOD">
      <UniqueIdentifier>{34fa4d78-8091-44cf-b4b4-59db9fd56d98}</UniqueIdentifier>
    </Filter>
    <Filter Include="02.GameObjects\Dummys\DummyPhysX\PhysXObstacle">
      <UniqueIdentifier>{fbe2856d-a829-4563-a9f1-00adc4029c65}</UniqueIdentifier>
    </Filter>
    <Filter Include="02.GameObjects\Env\03.MapElement">
      <UniqueIdentifier>{e6df1c15-e857-4d34-8857-e6d6f1113948}</UniqueIdentifier>
    </Filter>
    <Filter Include="02.GameObjects\Env\03.MapElement\Static">
      <UniqueIdentifier>{95042c6d-04ae-46a5-9f52-0b7688c7ee4b}</UniqueIdentifier>
    </Filter>
    <Filter Include="02.GameObjects\Env\03.MapElement\Interactable">
      <UniqueIdentifier>{dc6d3d82-0ee7-4c5f-a561-591e257b441e}</UniqueIdentifier>
    </Filter>
    <Filter Include="02.GameObjects\Dummys\DummySkyBox">
      <UniqueIdentifier>{12d17342-7cb4-46be-8243-9e1864496338}</UniqueIdentifier>
    </Filter>
    <Filter Include="02.GameObjects\MainLight">
      <UniqueIdentifier>{a9360a97-5ef2-476a-9f12-f4e06c28290c}</UniqueIdentifier>
    </Filter>
  </ItemGroup>
  <ItemGroup>
    <ClInclude Include="Editor.h">
      <Filter>99.Define\DEFAULT</Filter>
    </ClInclude>
    <ClInclude Include="framework.h">
      <Filter>99.Define\DEFAULT</Filter>
    </ClInclude>
    <ClInclude Include="Resource.h">
      <Filter>99.Define\DEFAULT</Filter>
    </ClInclude>
    <ClInclude Include="targetver.h">
      <Filter>99.Define\DEFAULT</Filter>
    </ClInclude>
    <ClInclude Include="..\Public\Editor_Macro.h">
      <Filter>99.Define</Filter>
    </ClInclude>
    <ClInclude Include="..\Public\Editor_Struct.h">
      <Filter>99.Define</Filter>
    </ClInclude>
    <ClInclude Include="..\Public\Editor_Define.h">
      <Filter>99.Define</Filter>
    </ClInclude>
    <ClInclude Include="..\Public\MainApp.h">
      <Filter>00.MainApp</Filter>
    </ClInclude>
    <ClInclude Include="..\Public\Level_Loading.h">
      <Filter>01.Level\00.Loading</Filter>
    </ClInclude>
    <ClInclude Include="..\Public\Loader.h">
      <Filter>01.Level\00.Loading\Loader</Filter>
    </ClInclude>
    <ClInclude Include="..\Public\Level_Logo.h">
      <Filter>01.Level\01.Logo</Filter>
    </ClInclude>
    <ClInclude Include="..\Public\DebugCamera.h">
      <Filter>02.GameObjects\Dummys\DebugCamera</Filter>
    </ClInclude>
    <ClInclude Include="..\Public\DummyRect.h">
      <Filter>02.GameObjects\Dummys\DummyRect</Filter>
    </ClInclude>
    <ClInclude Include="..\public\Level_UI.h">
      <Filter>01.Level\50.UIViewer</Filter>
    </ClInclude>
    <ClInclude Include="..\public\Mission_Panel.h">
      <Filter>50.UI\GamePlay_Canvas\Mission_Panel</Filter>
    </ClInclude>
    <ClInclude Include="..\public\Mouse_Cursor.h">
      <Filter>50.UI\Mouse_Cursor</Filter>
    </ClInclude>
    <ClInclude Include="..\Public\Dummy_Goblin.h">
      <Filter>02.GameObjects\Dummy_Goblin</Filter>
    </ClInclude>
    <ClInclude Include="..\Public\Level_ObjectViewer.h">
      <Filter>01.Level\20.ObjectViewer</Filter>
    </ClInclude>
    <ClInclude Include="..\Public\Dummy_Cube.h">
      <Filter>02.GameObjects\Dummys\DummyCube</Filter>
    </ClInclude>
    <ClInclude Include="..\Public\Dummy_Goblin_Head.h">
      <Filter>02.GameObjects\Dummy_Goblin\Dummy_Goblin_Head</Filter>
    </ClInclude>
    <ClInclude Include="..\Public\Body.h">
      <Filter>02.GameObjects\ModelParts\Body</Filter>
    </ClInclude>
    <ClInclude Include="..\Public\Head.h">
      <Filter>02.GameObjects\ModelParts\Head</Filter>
    </ClInclude>
    <ClInclude Include="..\Public\Hair.h">
      <Filter>02.GameObjects\ModelParts\Hair</Filter>
    </ClInclude>
    <ClInclude Include="..\Public\ModelParts.h">
      <Filter>02.GameObjects\ModelParts</Filter>
    </ClInclude>
    <ClInclude Include="..\Public\RootModelPart.h">
      <Filter>02.GameObjects\ModelParts\RootModelPart</Filter>
    </ClInclude>
    <ClInclude Include="..\Public\Monster.h">
      <Filter>02.GameObjects\Monster</Filter>
    </ClInclude>
    <ClInclude Include="..\Public\Level_EffectViewer.h">
      <Filter>01.Level\40.EffectViewer</Filter>
    </ClInclude>
    <ClInclude Include="..\Public\EffectObject.h">
      <Filter>02.GameObjects\Layer_Effect\Effect\00.EffectObject</Filter>
    </ClInclude>
    <ClInclude Include="..\Public\TestEffect.h">
      <Filter>02.GameObjects\Layer_Effect\Effect\01.TestEffect</Filter>
    </ClInclude>
    <ClInclude Include="..\Public\EditEffect.h">
      <Filter>02.GameObjects\Layer_Effect\Effect\02.EditEffect</Filter>
    </ClInclude>
    <ClInclude Include="..\Public\Effect_Editor.h">
      <Filter>02.GameObjects\Layer_Effect\Effect_Editor</Filter>
    </ClInclude>
    <ClInclude Include="..\public\LoadingWidget.h">
      <Filter>50.UI\GamePlay_Canvas\Loding_Panel\LoadingWidget</Filter>
    </ClInclude>
    <ClInclude Include="..\public\Mission_Key.h">
      <Filter>50.UI\GamePlay_Canvas\Mission_Panel\Mission_Key</Filter>
    </ClInclude>
    <ClInclude Include="..\public\MissionBanner_Border.h">
      <Filter>50.UI\GamePlay_Canvas\Mission_Panel\MissionBanner_Border</Filter>
    </ClInclude>
    <ClInclude Include="..\public\Mission_KeyHold.h">
      <Filter>50.UI\GamePlay_Canvas\Mission_Panel\Mission_KeyHold</Filter>
    </ClInclude>
    <ClInclude Include="..\public\MissionBanner_Key.h">
      <Filter>50.UI\GamePlay_Canvas\Mission_Panel\MissionBanner_Key</Filter>
    </ClInclude>
    <ClInclude Include="..\public\Mission_Icon.h">
      <Filter>50.UI\GamePlay_Canvas\Mission_Panel\Mission_Icon</Filter>
    </ClInclude>
    <ClInclude Include="..\public\MiniMap_TrimBorder.h">
      <Filter>50.UI\GamePlay_Canvas\MiniMap_Panel\MiniMap_TrimBorder</Filter>
    </ClInclude>
    <ClInclude Include="..\public\Active_Icon.h">
      <Filter>50.UI\GamePlay_Canvas\Mission_Panel\Active_Icon</Filter>
    </ClInclude>
    <ClInclude Include="..\public\IMGUIUI.h">
      <Filter>50.UI\IMGUIUI</Filter>
    </ClInclude>
    <ClInclude Include="..\public\GamePlay_Canvas.h">
      <Filter>50.UI\GamePlay_Canvas</Filter>
    </ClInclude>
    <ClInclude Include="..\public\LoadingWidget_Flame.h">
      <Filter>50.UI\GamePlay_Canvas\Loding_Panel\LoadingWidget_Flame</Filter>
    </ClInclude>
    <ClInclude Include="..\public\MiniMap_Panel.h">
      <Filter>50.UI\GamePlay_Canvas\MiniMap_Panel</Filter>
    </ClInclude>
    <ClInclude Include="..\public\Loading_Panel.h">
      <Filter>50.UI\GamePlay_Canvas\Loding_Panel</Filter>
    </ClInclude>
    <ClInclude Include="..\public\Level_MapViewer.h">
      <Filter>01.Level\30.MapViewer</Filter>
    </ClInclude>
    <ClInclude Include="..\public\Terrain.h">
      <Filter>02.GameObjects\Terrain</Filter>
    </ClInclude>
    <ClInclude Include="..\public\MapObject_Manager.h">
      <Filter>02.GameObjects\Env\00.Manger</Filter>
    </ClInclude>
    <ClInclude Include="..\Public\Level_PhysXLab.h">
      <Filter>01.Level\60.PhysXLab</Filter>
    </ClInclude>
    <ClInclude Include="..\Public\Dummy_PhysXBox.h">
      <Filter>02.GameObjects\Dummys\DummyPhysX\PhysXBox</Filter>
    </ClInclude>
    <ClInclude Include="..\Public\Dummy_PhysXMesh.h">
      <Filter>02.GameObjects\Dummys\DummyPhysX\PhysXMesh</Filter>
    </ClInclude>
    <ClInclude Include="..\Public\LoadingWidget.h">
      <Filter>50.UI\GamePlay_Canvas\Loding_Panel\LoadingWidget</Filter>
    </ClInclude>
    <ClInclude Include="..\Public\DummyObject.h">
      <Filter>02.GameObjects\Dummys\DummyObject</Filter>
    </ClInclude>
    <ClInclude Include="..\public\MapContainer.h">
      <Filter>02.GameObjects\Env\01.MapContainer</Filter>
    </ClInclude>
    <ClInclude Include="..\public\BuildingContainer.h">
      <Filter>02.GameObjects\Env\01.MapContainer\BuildingContainer</Filter>
    </ClInclude>
    <ClInclude Include="..\public\MapObject.h">
      <Filter>02.GameObjects\Env\02.MapObject</Filter>
    </ClInclude>
    <ClInclude Include="..\public\MapObject_Static.h">
      <Filter>02.GameObjects\Env\02.MapObject\Static</Filter>
    </ClInclude>
    <ClInclude Include="..\public\MapObject_LOD.h">
      <Filter>02.GameObjects\Env\02.MapObject\LOD</Filter>
    </ClInclude>
    <ClInclude Include="..\public\MapContainer.h">
      <Filter>02.GameObjects\Env\01.MapContainer</Filter>
    </ClInclude>
    <ClInclude Include="..\public\BuildingContainer.h">
      <Filter>02.GameObjects\Env\01.MapContainer\BuildingContainer</Filter>
    </ClInclude>
    <ClInclude Include="..\public\MapObject.h">
      <Filter>02.GameObjects\Env\02.MapObject</Filter>
    </ClInclude>
    <ClInclude Include="..\public\MapObject_Static.h">
      <Filter>02.GameObjects\Env\02.MapObject\Static</Filter>
    </ClInclude>
    <ClInclude Include="..\public\MapObject_LOD.h">
      <Filter>02.GameObjects\Env\02.MapObject\LOD</Filter>
    </ClInclude>
    <ClInclude Include="..\Public\Dummy_PhysXPlayable.h">
      <Filter>02.GameObjects\Dummys\DummyPhysX\PhysXPlayable</Filter>
    </ClInclude>
    <ClInclude Include="..\public\MapElement.h">
      <Filter>02.GameObjects\Env\03.MapElement</Filter>
    </ClInclude>
    <ClInclude Include="..\public\MapElement_Static.h">
      <Filter>02.GameObjects\Env\03.MapElement\Static</Filter>
    </ClInclude>
    <ClInclude Include="..\public\MapElement_Interactable.h">
      <Filter>02.GameObjects\Env\03.MapElement\Interactable</Filter>
    </ClInclude>
    <ClInclude Include="..\public\DummySkyBox.h">
      <Filter>02.GameObjects\Dummys\DummySkyBox</Filter>
    </ClInclude>
    <ClInclude Include="..\Public\MainLight.h">
      <Filter>02.GameObjects\MainLight</Filter>
    </ClInclude>
  </ItemGroup>
  <ItemGroup>
    <Image Include="Editor.ico">
      <Filter>99.Define\DEFAULT</Filter>
    </Image>
    <Image Include="small.ico">
      <Filter>99.Define\DEFAULT</Filter>
    </Image>
  </ItemGroup>
  <ItemGroup>
    <ClCompile Include="Editor.cpp">
      <Filter>99.Define\DEFAULT</Filter>
    </ClCompile>
    <ClCompile Include="..\Private\MainApp.cpp">
      <Filter>00.MainApp</Filter>
    </ClCompile>
    <ClCompile Include="..\Private\Level_Loading.cpp">
      <Filter>01.Level\00.Loading</Filter>
    </ClCompile>
    <ClCompile Include="..\Private\Level_Logo.cpp">
      <Filter>01.Level\01.Logo</Filter>
    </ClCompile>
    <ClCompile Include="..\Private\DebugCamera.cpp">
      <Filter>02.GameObjects\Dummys\DebugCamera</Filter>
    </ClCompile>
    <ClCompile Include="..\Private\pch.cpp">
      <Filter>99.Define\DEFAULT</Filter>
    </ClCompile>
    <ClCompile Include="..\Private\DummyRect.cpp">
      <Filter>02.GameObjects\Dummys\DummyRect</Filter>
    </ClCompile>
    <ClCompile Include="..\private\Level_UI.cpp">
      <Filter>01.Level\50.UIViewer</Filter>
    </ClCompile>
    <ClCompile Include="..\private\Mission_Panel.cpp">
      <Filter>50.UI\GamePlay_Canvas\Mission_Panel</Filter>
    </ClCompile>
    <ClCompile Include="..\private\Mouse_Cursor.cpp">
      <Filter>50.UI\Mouse_Cursor</Filter>
    </ClCompile>
    <ClCompile Include="..\Private\Dummy_Goblin.cpp">
      <Filter>02.GameObjects\Dummy_Goblin</Filter>
    </ClCompile>
    <ClCompile Include="..\Private\Level_ObjectViewer.cpp">
      <Filter>01.Level\20.ObjectViewer</Filter>
    </ClCompile>
    <ClCompile Include="..\Private\Dummy_Cube.cpp">
      <Filter>02.GameObjects\Dummys\DummyCube</Filter>
    </ClCompile>
    <ClCompile Include="..\Private\Dummy_Goblin_Head.cpp">
      <Filter>02.GameObjects\Dummy_Goblin\Dummy_Goblin_Head</Filter>
    </ClCompile>
    <ClCompile Include="..\Private\Body.cpp">
      <Filter>02.GameObjects\ModelParts\Body</Filter>
    </ClCompile>
    <ClCompile Include="..\Private\Head.cpp">
      <Filter>02.GameObjects\ModelParts\Head</Filter>
    </ClCompile>
    <ClCompile Include="..\Private\Loader.cpp">
      <Filter>01.Level\00.Loading\Loader</Filter>
    </ClCompile>
    <ClCompile Include="..\Private\Level_EffectViewer.cpp">
      <Filter>01.Level\40.EffectViewer</Filter>
    </ClCompile>
    <ClCompile Include="..\Private\EffectObject.cpp">
      <Filter>02.GameObjects\Layer_Effect\Effect\00.EffectObject</Filter>
    </ClCompile>
    <ClCompile Include="..\Private\TestEffect.cpp">
      <Filter>02.GameObjects\Layer_Effect\Effect\01.TestEffect</Filter>
    </ClCompile>
    <ClCompile Include="..\Private\EditEffect.cpp">
      <Filter>02.GameObjects\Layer_Effect\Effect\02.EditEffect</Filter>
    </ClCompile>
    <ClCompile Include="..\Private\Effect_Editor.cpp">
      <Filter>02.GameObjects\Layer_Effect\Effect_Editor</Filter>
    </ClCompile>
    <ClCompile Include="..\private\LoadingWidget.cpp">
      <Filter>50.UI\GamePlay_Canvas\Loding_Panel\LoadingWidget</Filter>
    </ClCompile>
    <ClCompile Include="..\private\Mission_Key.cpp">
      <Filter>50.UI\GamePlay_Canvas\Mission_Panel\Mission_Key</Filter>
    </ClCompile>
    <ClCompile Include="..\private\MissionBanner_Border.cpp">
      <Filter>50.UI\GamePlay_Canvas\Mission_Panel\MissionBanner_Border</Filter>
    </ClCompile>
    <ClCompile Include="..\private\Mission_KeyHold.cpp">
      <Filter>50.UI\GamePlay_Canvas\Mission_Panel\Mission_KeyHold</Filter>
    </ClCompile>
    <ClCompile Include="..\private\MissionBanner_Key.cpp">
      <Filter>50.UI\GamePlay_Canvas\Mission_Panel\MissionBanner_Key</Filter>
    </ClCompile>
    <ClCompile Include="..\private\Mission_Icon.cpp">
      <Filter>50.UI\GamePlay_Canvas\Mission_Panel\Mission_Icon</Filter>
    </ClCompile>
    <ClCompile Include="..\private\MiniMap_TrimBorder.cpp">
      <Filter>50.UI\GamePlay_Canvas\MiniMap_Panel\MiniMap_TrimBorder</Filter>
    </ClCompile>
    <ClCompile Include="..\private\Active_Icon.cpp">
      <Filter>50.UI\GamePlay_Canvas\Mission_Panel\Active_Icon</Filter>
    </ClCompile>
    <ClCompile Include="..\private\IMGUIUI.cpp">
      <Filter>50.UI\IMGUIUI</Filter>
    </ClCompile>
    <ClCompile Include="..\private\GamePlay_Canvas.cpp">
      <Filter>50.UI\GamePlay_Canvas</Filter>
    </ClCompile>
    <ClCompile Include="..\private\LoadingWidget_Flame.cpp">
      <Filter>50.UI\GamePlay_Canvas\Loding_Panel\LoadingWidget_Flame</Filter>
    </ClCompile>
    <ClCompile Include="..\private\MiniMap_Panel.cpp">
      <Filter>50.UI\GamePlay_Canvas\MiniMap_Panel</Filter>
    </ClCompile>
    <ClCompile Include="..\private\Loading_Panel.cpp">
      <Filter>50.UI\GamePlay_Canvas\Loding_Panel</Filter>
    </ClCompile>
    <ClCompile Include="..\private\Level_MapViewer.cpp">
      <Filter>01.Level\30.MapViewer</Filter>
    </ClCompile>
    <ClCompile Include="..\private\Terrain.cpp">
      <Filter>02.GameObjects\Terrain</Filter>
    </ClCompile>
    <ClCompile Include="..\private\MapObject_Manager.cpp">
      <Filter>02.GameObjects\Env\00.Manger</Filter>
    </ClCompile>
    <ClCompile Include="..\Private\Level_PhysXLab.cpp">
      <Filter>01.Level\60.PhysXLab</Filter>
    </ClCompile>
    <ClCompile Include="..\Private\Hair.cpp">
      <Filter>02.GameObjects\ModelParts\Hair</Filter>
    </ClCompile>
    <ClCompile Include="..\Private\ModelParts.cpp">
      <Filter>02.GameObjects\ModelParts</Filter>
    </ClCompile>
    <ClCompile Include="..\Private\RootModelPart.cpp">
      <Filter>02.GameObjects\ModelParts\RootModelPart</Filter>
    </ClCompile>
    <ClCompile Include="..\Private\Monster.cpp">
      <Filter>02.GameObjects\Monster</Filter>
    </ClCompile>
    <ClCompile Include="..\Private\Dummy_PhysXBox.cpp">
      <Filter>02.GameObjects\Dummys\DummyPhysX\PhysXBox</Filter>
    </ClCompile>
    <ClCompile Include="..\Private\Dummy_PhysXMesh.cpp">
      <Filter>02.GameObjects\Dummys\DummyPhysX\PhysXMesh</Filter>
    </ClCompile>
    <ClCompile Include="..\Private\LoadingWidget.cpp">
      <Filter>50.UI\LoadingWidget</Filter>
    </ClCompile>
    <ClCompile Include="..\Private\LoadingWidget.cpp">
      <Filter>50.UI\GamePlay_Canvas\Loding_Panel\LoadingWidget</Filter>
    </ClCompile>
    <ClCompile Include="..\Private\DummyObject.cpp">
      <Filter>02.GameObjects\Dummys\DummyObject</Filter>
    </ClCompile>
    <ClCompile Include="..\private\MapContainer.cpp">
      <Filter>02.GameObjects\Env\01.MapContainer</Filter>
    </ClCompile>
    <ClCompile Include="..\private\BuildingContainer.cpp">
      <Filter>02.GameObjects\Env\01.MapContainer\BuildingContainer</Filter>
    </ClCompile>
    <ClCompile Include="..\private\MapObject.cpp">
      <Filter>02.GameObjects\Env\02.MapObject</Filter>
    </ClCompile>
    <ClCompile Include="..\private\MapObject_Static.cpp">
      <Filter>02.GameObjects\Env\02.MapObject\Static</Filter>
    </ClCompile>
    <ClCompile Include="..\private\MapObject_LOD.cpp">
      <Filter>02.GameObjects\Env\02.MapObject\LOD</Filter>
    </ClCompile>
    <ClCompile Include="..\private\MapContainer.cpp">
      <Filter>02.GameObjects\Env\01.MapContainer</Filter>
    </ClCompile>
    <ClCompile Include="..\private\BuildingContainer.cpp">
      <Filter>02.GameObjects\Env\01.MapContainer\BuildingContainer</Filter>
    </ClCompile>
    <ClCompile Include="..\private\MapObject.cpp">
      <Filter>02.GameObjects\Env\02.MapObject</Filter>
    </ClCompile>
    <ClCompile Include="..\private\MapObject_Static.cpp">
      <Filter>02.GameObjects\Env\02.MapObject\Static</Filter>
    </ClCompile>
    <ClCompile Include="..\private\MapObject_LOD.cpp">
      <Filter>02.GameObjects\Env\02.MapObject\LOD</Filter>
    </ClCompile>
    <ClCompile Include="..\Private\Dummy_PhysXPlayable.cpp">
      <Filter>02.GameObjects\Dummys\DummyPhysX\PhysXPlayable</Filter>
    </ClCompile>
    <ClCompile Include="..\private\MapElement.cpp">
      <Filter>02.GameObjects\Env\03.MapElement</Filter>
    </ClCompile>
    <ClCompile Include="..\private\MapElement_Static.cpp">
      <Filter>02.GameObjects\Env\03.MapElement\Static</Filter>
    </ClCompile>
    <ClCompile Include="..\private\MapElement_Interactable.cpp">
      <Filter>02.GameObjects\Env\03.MapElement\Interactable</Filter>
    </ClCompile>
    <ClCompile Include="..\private\DummySkyBox.cpp">
      <Filter>02.GameObjects\Dummys\DummySkyBox</Filter>
    </ClCompile>
    <ClCompile Include="..\Private\MainLight.cpp">
      <Filter>02.GameObjects\MainLight</Filter>
    </ClCompile>
  </ItemGroup>
  <ItemGroup>
    <ResourceCompile Include="Editor.rc">
      <Filter>99.Define\DEFAULT</Filter>
    </ResourceCompile>
  </ItemGroup>
  <ItemGroup>
    <FxCompile Include="..\Bin\Resources\ShaderFiles\Shader_VtxAnimMesh.hlsl">
      <Filter>99.Define\SHADER</Filter>
    </FxCompile>
    <FxCompile Include="..\Bin\Resources\ShaderFiles\Shader_VtxMesh.hlsl">
      <Filter>99.Define\SHADER</Filter>
    </FxCompile>
    <FxCompile Include="..\Bin\Resources\ShaderFiles\Shader_VtxNorTex.hlsl">
      <Filter>99.Define\SHADER</Filter>
    </FxCompile>
    <FxCompile Include="..\Bin\Resources\ShaderFiles\Shader_VtxPointParticle.hlsl">
      <Filter>99.Define\SHADER</Filter>
    </FxCompile>
    <FxCompile Include="..\Bin\Resources\ShaderFiles\Shader_VtxPosTex.hlsl">
      <Filter>99.Define\SHADER</Filter>
    </FxCompile>
    <FxCompile Include="..\Bin\Resources\ShaderFiles\Shader_UIEditor.hlsl">
      <Filter>99.Define\SHADER</Filter>
    </FxCompile>
    <FxCompile Include="..\Bin\Resources\ShaderFiles\Shader_VtxModelInstance.hlsl">
      <Filter>99.Define\SHADER</Filter>
    </FxCompile>
  </ItemGroup>
</Project>