<?xml version="1.0" encoding="utf-8"?>
<Project ToolsVersion="4.0" xmlns="http://schemas.microsoft.com/developer/msbuild/2003">
  <ItemGroup>
    <ClInclude Include="Client.h">
      <Filter>99.Define\00.DEFAULT</Filter>
    </ClInclude>
    <ClInclude Include="framework.h">
      <Filter>99.Define\00.DEFAULT</Filter>
    </ClInclude>
    <ClInclude Include="Resource.h">
      <Filter>99.Define\00.DEFAULT</Filter>
    </ClInclude>
    <ClInclude Include="targetver.h">
      <Filter>99.Define\00.DEFAULT</Filter>
    </ClInclude>
    <ClInclude Include="..\Public\Client_Define.h">
      <Filter>99.Define</Filter>
    </ClInclude>
    <ClInclude Include="..\Public\Client_Enum.h">
      <Filter>99.Define</Filter>
    </ClInclude>
    <ClInclude Include="..\Public\Client_Macro.h">
      <Filter>99.Define</Filter>
    </ClInclude>
    <ClInclude Include="..\Public\MainApp.h">
      <Filter>00.MainApp</Filter>
    </ClInclude>
    <ClInclude Include="..\Public\Level_Loading.h">
      <Filter>01.Levels\00.Loading</Filter>
    </ClInclude>
    <ClInclude Include="..\Public\Loader.h">
      <Filter>01.Levels\00.Loading\Loader</Filter>
    </ClInclude>
    <ClInclude Include="..\Public\Level_Logo.h">
      <Filter>01.Levels\01.Logo</Filter>
    </ClInclude>
    <ClInclude Include="..\Public\Level_GamePlay.h">
      <Filter>01.Levels\02.GamePlay</Filter>
    </ClInclude>
    <ClInclude Include="..\Public\InfoInstance.h">
      <Filter>03.InfoInstance</Filter>
    </ClInclude>
    <ClInclude Include="..\Public\Level_Field.h">
      <Filter>01.Levels\10.Field</Filter>
    </ClInclude>
    <ClInclude Include="..\Public\Level_Restart.h">
      <Filter>01.Levels\99.Restart</Filter>
    </ClInclude>
    <ClInclude Include="..\Public\Camera_Debug.h">
      <Filter>02.GameObjects\Cameras\Debug</Filter>
    </ClInclude>
    <ClInclude Include="..\Public\Light_Main.h">
      <Filter>02.GameObjects\Environment\Lights\Main</Filter>
    </ClInclude>
    <ClInclude Include="..\Public\PlayerInfo.h">
      <Filter>03.InfoInstance\00.PlayerInfo</Filter>
    </ClInclude>
    <ClInclude Include="..\Public\MonsterInfo.h">
      <Filter>03.InfoInstance\01.MonsterInfo</Filter>
    </ClInclude>
    <ClInclude Include="..\Public\MapInfo.h">
      <Filter>03.InfoInstance\02.MapInfo</Filter>
    </ClInclude>
    <ClInclude Include="..\Public\Player.h">
      <Filter>02.GameObjects\Player</Filter>
    </ClInclude>
    <ClInclude Include="..\Public\Wand.h">
      <Filter>02.GameObjects\Item\Wand</Filter>
    </ClInclude>
    <ClInclude Include="..\Public\CamPosition_Arm.h">
      <Filter>02.GameObjects\Cameras\CameraPosition\Arm</Filter>
    </ClInclude>
    <ClInclude Include="..\Public\CamPosition.h">
      <Filter>02.GameObjects\Cameras\CameraPosition</Filter>
    </ClInclude>
    <ClInclude Include="..\Public\SkyBox.h">
      <Filter>02.GameObjects\SkyBox</Filter>
    </ClInclude>
    <ClInclude Include="..\Public\Broom.h">
      <Filter>02.GameObjects\Item\Broom</Filter>
    </ClInclude>
    <ClInclude Include="..\Public\Dummy_PhysXWall.h">
      <Filter>02.GameObjects\PhysX</Filter>
    </ClInclude>
    <ClInclude Include="..\Public\Dummy_PhysXPlayable.h">
      <Filter>02.GameObjects\PhysX</Filter>
    </ClInclude>
    <ClInclude Include="..\Public\CallBack_EffectHitBox_Behavior.h">
      <Filter>02.GameObjects\PhysX\CallBack\Behavior</Filter>
    </ClInclude>
    <ClInclude Include="..\Public\CallBack_Monster_Behavior.h">
      <Filter>02.GameObjects\PhysX\CallBack\Behavior</Filter>
    </ClInclude>
    <ClInclude Include="..\Public\CallBack_Playable_Behavior.h">
      <Filter>02.GameObjects\PhysX\CallBack\Behavior</Filter>
    </ClInclude>
    <ClInclude Include="..\Public\CallBack_Playable_HitReport.h">
      <Filter>02.GameObjects\PhysX\CallBack\HitReport</Filter>
    </ClInclude>
    <ClInclude Include="..\Public\CallBack_EffectHitBox_HitReport.h">
      <Filter>02.GameObjects\PhysX\CallBack\HitReport</Filter>
    </ClInclude>
    <ClInclude Include="..\Public\CallBack_Monster_HitReport.h">
      <Filter>02.GameObjects\PhysX\CallBack\HitReport</Filter>
    </ClInclude>
    <ClInclude Include="..\Public\State_Root.h">
      <Filter>04.Mechanic\State</Filter>
    </ClInclude>
    <ClInclude Include="..\Public\State_Combat.h">
      <Filter>04.Mechanic\State\State_Combat</Filter>
    </ClInclude>
    <ClInclude Include="..\Public\State_Dodge.h">
      <Filter>04.Mechanic\State\Focus\Dodge</Filter>
    </ClInclude>
    <ClInclude Include="..\Public\State_Jump.h">
      <Filter>04.Mechanic\State\Focus\Jump</Filter>
    </ClInclude>
    <ClInclude Include="..\Public\State_Land.h">
      <Filter>04.Mechanic\State\Focus\Land</Filter>
    </ClInclude>
    <ClInclude Include="..\Public\State_Idle.h">
      <Filter>04.Mechanic\State\Movement\Idle</Filter>
    </ClInclude>
    <ClInclude Include="..\Public\State_Move.h">
      <Filter>04.Mechanic\State\Movement\Move</Filter>
    </ClInclude>
    <ClInclude Include="..\Public\Effect_Container.h">
      <Filter>02.GameObjects\Effect\Effect_Container</Filter>
    </ClInclude>
    <ClInclude Include="..\Public\EffectParts.h">
      <Filter>02.GameObjects\Effect\EffectParts</Filter>
    </ClInclude>
    <ClInclude Include="..\Public\EffectObject.h">
      <Filter>02.GameObjects\Effect\EffectObject</Filter>
    </ClInclude>
    <ClInclude Include="..\Public\TrailObject.h">
      <Filter>02.GameObjects\Effect\TrailObject</Filter>
    </ClInclude>
    <ClInclude Include="..\Public\Bombard.h">
      <Filter>02.GameObjects\Effect\Effects\Bombard</Filter>
    </ClInclude>
    <ClInclude Include="..\Public\NomalJap.h">
      <Filter>02.GameObjects\Effect\Effects\NomalJap</Filter>
    </ClInclude>
    <ClInclude Include="..\Public\PhysXEffectHitBox.h">
      <Filter>02.GameObjects\PhysX\EffectHitBox</Filter>
    </ClInclude>
    <ClInclude Include="..\Public\CamPosition_Socket.h">
      <Filter>02.GameObjects\Cameras\CameraPosition\Socket</Filter>
    </ClInclude>
    <ClInclude Include="..\Public\CamPosition_Target.h">
      <Filter>02.GameObjects\Cameras\CameraPosition\Player\Target</Filter>
    </ClInclude>
    <ClInclude Include="..\Public\CamPosition_Shoulder.h">
      <Filter>02.GameObjects\Cameras\CameraPosition\Player\Shoulder</Filter>
    </ClInclude>
    <ClInclude Include="..\Public\Camera_Gaze.h">
      <Filter>02.GameObjects\Cameras\Camera_Gaze</Filter>
    </ClInclude>
    <ClInclude Include="..\Public\Goblin.h">
      <Filter>02.GameObjects\Monster\Goblin</Filter>
    </ClInclude>
    <ClInclude Include="..\Public\Monster.h">
      <Filter>02.GameObjects\Monster</Filter>
    </ClInclude>
    <ClInclude Include="..\public\MapContainer.h">
      <Filter>02.GameObjects\Environment\00.MapContainer</Filter>
    </ClInclude>
    <ClInclude Include="..\public\BuildingContainer.h">
      <Filter>02.GameObjects\Environment\00.MapContainer\BuildingContainer</Filter>
    </ClInclude>
    <ClInclude Include="..\public\MapPartObject.h">
      <Filter>02.GameObjects\Environment\01.MapPartObject</Filter>
    </ClInclude>
    <ClInclude Include="..\Public\Client_Struct.h">
      <Filter>99.Define</Filter>
    </ClInclude>
    <ClInclude Include="..\public\MapObject_Collision.h">
      <Filter>02.GameObjects\Environment\01.MapPartObject\Collision</Filter>
    </ClInclude>
    <ClInclude Include="..\public\MapObject_Render.h">
      <Filter>02.GameObjects\Environment\01.MapPartObject\MapObject_Render</Filter>
    </ClInclude>
    <ClInclude Include="..\public\Terrain.h">
      <Filter>02.GameObjects\Environment\Terrain</Filter>
    </ClInclude>
    <ClInclude Include="..\Public\EffectPool.h">
      <Filter>02.GameObjects\Effect\EffectPool</Filter>
    </ClInclude>
    <ClInclude Include="..\Public\Decendo.h">
      <Filter>02.GameObjects\Effect\Effects\Decendo</Filter>
    </ClInclude>
  </ItemGroup>
  <ItemGroup>
    <Image Include="Client.ico">
      <Filter>99.Define\00.DEFAULT</Filter>
    </Image>
    <Image Include="small.ico">
      <Filter>99.Define\00.DEFAULT</Filter>
    </Image>
  </ItemGroup>
  <ItemGroup>
    <Filter Include="99.Define">
      <UniqueIdentifier>{2899f7fc-0ed2-41c0-8e24-0d89f08ffc39}</UniqueIdentifier>
    </Filter>
    <Filter Include="00.MainApp">
      <UniqueIdentifier>{2902e559-abdf-4dd7-ac4c-cc6e2b81ad0d}</UniqueIdentifier>
    </Filter>
    <Filter Include="99.Define\00.DEFAULT">
      <UniqueIdentifier>{05a0db73-4fbf-456c-9137-bb605c632d68}</UniqueIdentifier>
    </Filter>
    <Filter Include="01.Levels">
      <UniqueIdentifier>{aa499dd2-f7cb-4abd-9b3c-19f6e8427d7e}</UniqueIdentifier>
    </Filter>
    <Filter Include="01.Levels\00.Loading">
      <UniqueIdentifier>{f8cbe454-4dbd-4c76-9875-e68ce151bd01}</UniqueIdentifier>
    </Filter>
    <Filter Include="01.Levels\01.Logo">
      <UniqueIdentifier>{5a95b59a-ca09-4ece-b00b-c4d2a419731f}</UniqueIdentifier>
    </Filter>
    <Filter Include="01.Levels\00.Loading\Loader">
      <UniqueIdentifier>{37d70d8d-655c-498b-82a6-afd3d1726cd8}</UniqueIdentifier>
    </Filter>
    <Filter Include="01.Levels\02.GamePlay">
      <UniqueIdentifier>{7e641382-9dfa-4da7-a8c8-a3ee06360e7a}</UniqueIdentifier>
    </Filter>
    <Filter Include="02.GameObjects">
      <UniqueIdentifier>{27434478-691e-42a8-83c7-ecd1a60f46ce}</UniqueIdentifier>
    </Filter>
    <Filter Include="02.GameObjects\Cameras">
      <UniqueIdentifier>{7efd65d5-eb4d-4331-a746-f0fa2de6275b}</UniqueIdentifier>
    </Filter>
    <Filter Include="02.GameObjects\Environment">
      <UniqueIdentifier>{8d0b4269-fe26-433b-b18c-9ec1a893b7cf}</UniqueIdentifier>
    </Filter>
    <Filter Include="02.GameObjects\UI">
      <UniqueIdentifier>{f4bd3a1f-c925-4422-af6c-3a77cddd1960}</UniqueIdentifier>
    </Filter>
    <Filter Include="02.GameObjects\Player">
      <UniqueIdentifier>{a3879c8c-52d4-48a0-82d6-6c4a20f44d11}</UniqueIdentifier>
    </Filter>
    <Filter Include="02.GameObjects\NPC">
      <UniqueIdentifier>{be98e943-7e2e-4776-a801-d8cd6e263f54}</UniqueIdentifier>
    </Filter>
    <Filter Include="02.GameObjects\NPC\Hostile">
      <UniqueIdentifier>{6ba6d00f-0638-4aae-a5cd-a9ddcfc67b75}</UniqueIdentifier>
    </Filter>
    <Filter Include="02.GameObjects\NPC\Ally">
      <UniqueIdentifier>{a7d0a3fa-b3dc-40c6-b258-ffcde49b05c1}</UniqueIdentifier>
    </Filter>
    <Filter Include="04.Mechanic">
      <UniqueIdentifier>{b5bef783-5315-4488-ac64-cb98d16a84a9}</UniqueIdentifier>
    </Filter>
    <Filter Include="04.Mechanic\Item">
      <UniqueIdentifier>{31681680-d5de-43c9-bc2d-2c91ca58a593}</UniqueIdentifier>
    </Filter>
    <Filter Include="04.Mechanic\State">
      <UniqueIdentifier>{1bfec6dc-f008-4d18-87d6-be38824b1272}</UniqueIdentifier>
    </Filter>
    <Filter Include="04.Mechanic\Skill">
      <UniqueIdentifier>{c5b61cb3-bc5f-4429-8715-b309dcf054b2}</UniqueIdentifier>
    </Filter>
    <Filter Include="01.Levels\10.Field">
      <UniqueIdentifier>{2b209526-b728-4fba-a184-b9224d72903a}</UniqueIdentifier>
    </Filter>
    <Filter Include="01.Levels\99.Restart">
      <UniqueIdentifier>{e12b3048-dd6d-41bf-b346-e4abdaa4f215}</UniqueIdentifier>
    </Filter>
    <Filter Include="02.GameObjects\Environment\Lights">
      <UniqueIdentifier>{74f21f9b-30bf-412e-ba4e-526958ab2a52}</UniqueIdentifier>
    </Filter>
    <Filter Include="02.GameObjects\Cameras\Debug">
      <UniqueIdentifier>{8d89a59c-fbd2-4a4a-ab01-a70abb80cc49}</UniqueIdentifier>
    </Filter>
    <Filter Include="02.GameObjects\Environment\Lights\Main">
      <UniqueIdentifier>{b24c78ef-dccc-41f0-a086-053ae6b7fbf4}</UniqueIdentifier>
    </Filter>
    <Filter Include="02.GameObjects\Environment\Plane">
      <UniqueIdentifier>{603938cc-e4fe-44d8-890b-784174a86161}</UniqueIdentifier>
    </Filter>
    <Filter Include="02.GameObjects\NPC\Hostile\Monster">
      <UniqueIdentifier>{b72a9bb0-1b21-416b-bd0c-ba943cd7cc9d}</UniqueIdentifier>
    </Filter>
    <Filter Include="02.GameObjects\Environment\Prop">
      <UniqueIdentifier>{2814c935-13d9-4b9a-94ba-c9e470219a18}</UniqueIdentifier>
    </Filter>
    <Filter Include="02.GameObjects\Environment\Prop\SkyBox">
      <UniqueIdentifier>{19ee2ea4-2d79-46bd-b857-c759e3ec6cf4}</UniqueIdentifier>
    </Filter>
    <Filter Include="02.GameObjects\Environment\Prop\SkyBox\TriggerBox">
      <UniqueIdentifier>{2561df42-3dfa-4045-a30c-85f44cd65e09}</UniqueIdentifier>
    </Filter>
    <Filter Include="02.GameObjects\Cameras\CameraPosition">
      <UniqueIdentifier>{25ad4a41-5b06-4659-bd29-c0c4265a3277}</UniqueIdentifier>
    </Filter>
    <Filter Include="02.GameObjects\Cameras\CameraPosition\Player">
      <UniqueIdentifier>{5a667a7b-6c90-44f6-9c9f-aac3108b6561}</UniqueIdentifier>
    </Filter>
    <Filter Include="03.InfoInstance">
      <UniqueIdentifier>{cdfbb346-6cae-4094-93cd-b82685efa68e}</UniqueIdentifier>
    </Filter>
    <Filter Include="03.InfoInstance\00.PlayerInfo">
      <UniqueIdentifier>{1cfdfc05-0b0d-4c58-8c2d-58090efea4fd}</UniqueIdentifier>
    </Filter>
    <Filter Include="03.InfoInstance\01.MonsterInfo">
      <UniqueIdentifier>{621b87a7-54b8-4d90-84b2-fa8cd26cc396}</UniqueIdentifier>
    </Filter>
    <Filter Include="03.InfoInstance\02.MapInfo">
      <UniqueIdentifier>{413e6692-6e4a-4b00-8306-edf652bd876a}</UniqueIdentifier>
    </Filter>
    <Filter Include="02.GameObjects\UI\GamePlay_Canvas">
      <UniqueIdentifier>{c152f9ff-2525-4b4b-938c-5818f8d65a40}</UniqueIdentifier>
    </Filter>
    <Filter Include="02.GameObjects\UI\GamePlay_Canvas\Action_Panel">
      <UniqueIdentifier>{b819d017-f55f-4e1d-9c09-127a00b7ff57}</UniqueIdentifier>
    </Filter>
    <Filter Include="02.GameObjects\UI\GamePlay_Canvas\Loding_Panel">
      <UniqueIdentifier>{7f5280a9-3955-40ab-bde5-ef52acc0512f}</UniqueIdentifier>
    </Filter>
    <Filter Include="02.GameObjects\UI\GamePlay_Canvas\MiniMap_Panel">
      <UniqueIdentifier>{4791d5ef-35cd-494d-8c39-bcca14488323}</UniqueIdentifier>
    </Filter>
    <Filter Include="02.GameObjects\UI\GamePlay_Canvas\Mission_Panel">
      <UniqueIdentifier>{9d92d05f-697c-4437-a44a-b82e54255bcc}</UniqueIdentifier>
    </Filter>
    <Filter Include="02.GameObjects\UI\GamePlay_Canvas\Loding_Panel\LoadingWidget">
      <UniqueIdentifier>{f19404dc-7bc1-4d89-9c4a-72959db5a701}</UniqueIdentifier>
    </Filter>
    <Filter Include="02.GameObjects\UI\GamePlay_Canvas\Loding_Panel\LoadingWidget_Flame">
      <UniqueIdentifier>{f7f22fc0-0e66-4e6e-a60a-0c612d58d802}</UniqueIdentifier>
    </Filter>
    <Filter Include="02.GameObjects\Cameras\CameraPosition\Arm">
      <UniqueIdentifier>{f0da95a0-107f-42ff-9e77-3503bb48aa12}</UniqueIdentifier>
    </Filter>
    <Filter Include="02.GameObjects\SkyBox">
      <UniqueIdentifier>{e83f88ec-c414-43b4-b437-52288cee431a}</UniqueIdentifier>
    </Filter>
    <Filter Include="02.GameObjects\PhysX">
      <UniqueIdentifier>{ddf8c8e6-ca51-42e0-b08f-13ae0fd9d842}</UniqueIdentifier>
    </Filter>
    <Filter Include="02.GameObjects\PhysX\CallBack">
      <UniqueIdentifier>{5fd99d60-e641-4229-9a72-8f5d7744c6b0}</UniqueIdentifier>
    </Filter>
    <Filter Include="02.GameObjects\PhysX\CallBack\Behavior">
      <UniqueIdentifier>{ad7a67bd-df18-4c03-85eb-960881922128}</UniqueIdentifier>
    </Filter>
    <Filter Include="02.GameObjects\PhysX\CallBack\HitReport">
      <UniqueIdentifier>{dc05dfc9-22e5-4a2a-b016-c55b215c0c68}</UniqueIdentifier>
    </Filter>
    <Filter Include="04.Mechanic\State\Focus">
      <UniqueIdentifier>{0834c76d-83d8-4ef5-9d19-7277686d28c5}</UniqueIdentifier>
    </Filter>
    <Filter Include="04.Mechanic\State\State_Combat">
      <UniqueIdentifier>{017fc692-bac0-4635-843c-02fb59009f5b}</UniqueIdentifier>
    </Filter>
    <Filter Include="04.Mechanic\State\Movement">
      <UniqueIdentifier>{349939a0-8b9a-4a1a-8f0a-ca5014cd4e18}</UniqueIdentifier>
    </Filter>
    <Filter Include="04.Mechanic\State\Focus\Dodge">
      <UniqueIdentifier>{5fa1e5a9-acd8-499d-90ee-9cf17441b3a5}</UniqueIdentifier>
    </Filter>
    <Filter Include="04.Mechanic\State\Focus\Jump">
      <UniqueIdentifier>{41d2e34e-5280-4b3c-961e-064484f1449d}</UniqueIdentifier>
    </Filter>
    <Filter Include="04.Mechanic\State\Focus\Land">
      <UniqueIdentifier>{1034dd61-dd17-456a-990b-628c45f74b51}</UniqueIdentifier>
    </Filter>
    <Filter Include="04.Mechanic\State\Movement\Idle">
      <UniqueIdentifier>{2999d0c5-81e4-44d6-99b3-4801e6f84dd7}</UniqueIdentifier>
    </Filter>
    <Filter Include="04.Mechanic\State\Movement\Move">
      <UniqueIdentifier>{0a3f9629-27d1-411c-806e-b550af8f1ca1}</UniqueIdentifier>
    </Filter>
    <Filter Include="02.GameObjects\Effect">
      <UniqueIdentifier>{23fc95c4-0db3-4569-bd37-4d9bc32938ba}</UniqueIdentifier>
    </Filter>
    <Filter Include="02.GameObjects\Effect\Effect_Container">
      <UniqueIdentifier>{a88b2e75-92f7-4bed-b12a-76fb8763f533}</UniqueIdentifier>
    </Filter>
    <Filter Include="02.GameObjects\Effect\EffectParts">
      <UniqueIdentifier>{482050d0-23dc-4744-b0db-0673a84f40e7}</UniqueIdentifier>
    </Filter>
    <Filter Include="02.GameObjects\Effect\EffectObject">
      <UniqueIdentifier>{129abdf3-e499-467e-aca8-917e66827890}</UniqueIdentifier>
    </Filter>
    <Filter Include="02.GameObjects\Effect\TrailObject">
      <UniqueIdentifier>{b3077955-b37e-41f8-bb7a-7b1483fcecdc}</UniqueIdentifier>
    </Filter>
    <Filter Include="02.GameObjects\Effect\Effects">
      <UniqueIdentifier>{6fc43376-8b17-4888-b347-9beef7bee2ba}</UniqueIdentifier>
    </Filter>
    <Filter Include="02.GameObjects\Effect\Effects\Bombard">
      <UniqueIdentifier>{3a613328-d01e-43e5-a095-9a6912cb3cf0}</UniqueIdentifier>
    </Filter>
    <Filter Include="02.GameObjects\Effect\Effects\NomalJap">
      <UniqueIdentifier>{639cba10-a93e-465c-a921-4541fe317446}</UniqueIdentifier>
    </Filter>
    <Filter Include="02.GameObjects\PhysX\EffectHitBox">
      <UniqueIdentifier>{54169d8d-f771-4638-a71e-3aca3eeff9bb}</UniqueIdentifier>
    </Filter>
    <Filter Include="02.GameObjects\Cameras\CameraPosition\Player\Target">
      <UniqueIdentifier>{1f9c16e8-b675-419f-b166-b79662407259}</UniqueIdentifier>
    </Filter>
    <Filter Include="02.GameObjects\Cameras\CameraPosition\Player\Shoulder">
      <UniqueIdentifier>{708bbc88-47fb-42c5-b060-14cec7d646f2}</UniqueIdentifier>
    </Filter>
    <Filter Include="02.GameObjects\Cameras\CameraPosition\Socket">
      <UniqueIdentifier>{2e4f0394-e25c-4508-937a-7e73d005ae5f}</UniqueIdentifier>
    </Filter>
    <Filter Include="02.GameObjects\Cameras\Camera_Gaze">
      <UniqueIdentifier>{470c4db5-b306-4fb8-8338-0a99ac77ac89}</UniqueIdentifier>
    </Filter>
    <Filter Include="02.GameObjects\Effect\Effects\Decendo">
      <UniqueIdentifier>{3572e19c-c7cc-4c7a-add0-2012b81b3935}</UniqueIdentifier>
    </Filter>
    <Filter Include="02.GameObjects\Item">
      <UniqueIdentifier>{9cc88058-bda3-4ed0-9ec9-1968963fdda4}</UniqueIdentifier>
    </Filter>
    <Filter Include="02.GameObjects\Item\Broom">
      <UniqueIdentifier>{aac01a47-304a-4319-8bd8-fdd9020ddf18}</UniqueIdentifier>
    </Filter>
    <Filter Include="02.GameObjects\Item\Wand">
      <UniqueIdentifier>{b719d948-fce3-4144-9d2c-edcab4cfceaf}</UniqueIdentifier>
    </Filter>
    <Filter Include="02.GameObjects\Monster">
      <UniqueIdentifier>{d371e373-e343-4e0b-9a0c-34eae167c1cd}</UniqueIdentifier>
    </Filter>
    <Filter Include="02.GameObjects\Monster\Goblin">
      <UniqueIdentifier>{1ff3d6f1-f31d-47b7-84b7-d23efe98d7d2}</UniqueIdentifier>
    </Filter>
    <Filter Include="02.GameObjects\Environment\00.MapContainer">
      <UniqueIdentifier>{e2d84a8f-46c9-4689-bd91-cc45343d2b10}</UniqueIdentifier>
    </Filter>
    <Filter Include="02.GameObjects\Environment\00.MapContainer\BuildingContainer">
      <UniqueIdentifier>{cd65118d-1ab2-4636-a57c-eb8e42c7d88b}</UniqueIdentifier>
    </Filter>
    <Filter Include="02.GameObjects\Environment\01.MapPartObject">
      <UniqueIdentifier>{6012da88-b0d8-4cd1-8e56-8638f3e899b1}</UniqueIdentifier>
    </Filter>
    <Filter Include="02.GameObjects\Environment\01.MapPartObject\Collision">
      <UniqueIdentifier>{6a873b22-5d8b-455f-b632-45fde44a1dd8}</UniqueIdentifier>
    </Filter>
    <Filter Include="02.GameObjects\Environment\01.MapPartObject\MapObject_Render">
      <UniqueIdentifier>{2521a788-0b04-48f3-8efc-5198b2c51650}</UniqueIdentifier>
    </Filter>
    <Filter Include="02.GameObjects\Environment\Terrain">
      <UniqueIdentifier>{7db61780-d774-4a91-a429-2fb7634e43b3}</UniqueIdentifier>
    </Filter>
    <Filter Include="02.GameObjects\Effect\EffectPool">
      <UniqueIdentifier>{bdd4863e-8ab9-4ce8-a88d-9a0c558a67fb}</UniqueIdentifier>
    </Filter>
  </ItemGroup>
  <ItemGroup>
    <ClCompile Include="Client.cpp">
      <Filter>99.Define\00.DEFAULT</Filter>
    </ClCompile>
    <ClCompile Include="..\Private\pch.cpp">
      <Filter>99.Define\00.DEFAULT</Filter>
    </ClCompile>
    <ClCompile Include="..\Private\MainApp.cpp">
      <Filter>00.MainApp</Filter>
    </ClCompile>
    <ClCompile Include="..\Private\Level_Loading.cpp">
      <Filter>01.Levels\00.Loading</Filter>
    </ClCompile>
    <ClCompile Include="..\Private\Loader.cpp">
      <Filter>01.Levels\00.Loading\Loader</Filter>
    </ClCompile>
    <ClCompile Include="..\Private\Level_Logo.cpp">
      <Filter>01.Levels\01.Logo</Filter>
    </ClCompile>
    <ClCompile Include="..\Private\Level_GamePlay.cpp">
      <Filter>01.Levels\02.GamePlay</Filter>
    </ClCompile>
    <ClCompile Include="..\Private\InfoInstance.cpp">
      <Filter>03.InfoInstance</Filter>
    </ClCompile>
    <ClCompile Include="..\Private\Level_Field.cpp">
      <Filter>01.Levels\10.Field</Filter>
    </ClCompile>
    <ClCompile Include="..\Private\Level_Restart.cpp">
      <Filter>01.Levels\99.Restart</Filter>
    </ClCompile>
    <ClCompile Include="..\Private\Camera_Debug.cpp">
      <Filter>02.GameObjects\Cameras\Debug</Filter>
    </ClCompile>
    <ClCompile Include="..\Private\Light_Main.cpp">
      <Filter>02.GameObjects\Environment\Lights\Main</Filter>
    </ClCompile>
    <ClCompile Include="..\Private\PlayerInfo.cpp">
      <Filter>03.InfoInstance\00.PlayerInfo</Filter>
    </ClCompile>
    <ClCompile Include="..\Private\MonsterInfo.cpp">
      <Filter>03.InfoInstance\01.MonsterInfo</Filter>
    </ClCompile>
    <ClCompile Include="..\Private\MapInfo.cpp">
      <Filter>03.InfoInstance\02.MapInfo</Filter>
    </ClCompile>
    <ClCompile Include="..\Private\Player.cpp">
      <Filter>02.GameObjects\Player</Filter>
    </ClCompile>
    <ClCompile Include="..\Private\Wand.cpp">
      <Filter>02.GameObjects\Item\Wand</Filter>
    </ClCompile>
    <ClCompile Include="..\Private\CamPosition_Arm.cpp">
      <Filter>02.GameObjects\Cameras\CameraPosition\Arm</Filter>
    </ClCompile>
    <ClCompile Include="..\Private\CamPosition.cpp">
      <Filter>02.GameObjects\Cameras\CameraPosition</Filter>
    </ClCompile>
    <ClCompile Include="..\Private\SkyBox.cpp">
      <Filter>02.GameObjects\SkyBox</Filter>
    </ClCompile>
    <ClCompile Include="..\Private\Broom.cpp">
      <Filter>02.GameObjects\Item\Broom</Filter>
    </ClCompile>
    <ClCompile Include="..\Private\Dummy_PhysXWall.cpp">
      <Filter>02.GameObjects\PhysX</Filter>
    </ClCompile>
    <ClCompile Include="..\Private\Dummy_PhysXPlayable.cpp">
      <Filter>02.GameObjects\PhysX</Filter>
    </ClCompile>
    <ClCompile Include="..\Private\CallBack_Monster_Behavior.cpp">
      <Filter>02.GameObjects\PhysX\CallBack\Behavior</Filter>
    </ClCompile>
    <ClCompile Include="..\Private\CallBack_Playable_Behavior.cpp">
      <Filter>02.GameObjects\PhysX\CallBack\Behavior</Filter>
    </ClCompile>
    <ClCompile Include="..\Private\CallBack_EffectHitBox_Behavior.cpp">
      <Filter>02.GameObjects\PhysX\CallBack\Behavior</Filter>
    </ClCompile>
    <ClCompile Include="..\Private\CallBack_EffectHitBox_HitReport.cpp">
      <Filter>02.GameObjects\PhysX\CallBack\HitReport</Filter>
    </ClCompile>
    <ClCompile Include="..\Private\CallBack_Monster_HitReport.cpp">
      <Filter>02.GameObjects\PhysX\CallBack\HitReport</Filter>
    </ClCompile>
    <ClCompile Include="..\Private\CallBack_Playable_HitReport.cpp">
      <Filter>02.GameObjects\PhysX\CallBack\HitReport</Filter>
    </ClCompile>
    <ClCompile Include="..\Private\State_Root.cpp">
      <Filter>04.Mechanic\State</Filter>
    </ClCompile>
    <ClCompile Include="..\Private\State_Combat.cpp">
      <Filter>04.Mechanic\State\State_Combat</Filter>
    </ClCompile>
    <ClCompile Include="..\Private\State_Dodge.cpp">
      <Filter>04.Mechanic\State\Focus\Dodge</Filter>
    </ClCompile>
    <ClCompile Include="..\Private\State_Jump.cpp">
      <Filter>04.Mechanic\State\Focus\Jump</Filter>
    </ClCompile>
    <ClCompile Include="..\Private\State_Land.cpp">
      <Filter>04.Mechanic\State\Focus\Land</Filter>
    </ClCompile>
    <ClCompile Include="..\Private\State_Idle.cpp">
      <Filter>04.Mechanic\State\Movement\Idle</Filter>
    </ClCompile>
    <ClCompile Include="..\Private\State_Move.cpp">
      <Filter>04.Mechanic\State\Movement\Move</Filter>
    </ClCompile>
    <ClCompile Include="..\Private\Effect_Container.cpp">
      <Filter>02.GameObjects\Effect\Effect_Container</Filter>
    </ClCompile>
    <ClCompile Include="..\Private\EffectParts.cpp">
      <Filter>02.GameObjects\Effect\EffectParts</Filter>
    </ClCompile>
    <ClCompile Include="..\Private\EffectObject.cpp">
      <Filter>02.GameObjects\Effect\EffectObject</Filter>
    </ClCompile>
    <ClCompile Include="..\Private\TrailObject.cpp">
      <Filter>02.GameObjects\Effect\TrailObject</Filter>
    </ClCompile>
    <ClCompile Include="..\Private\Bombard.cpp">
      <Filter>02.GameObjects\Effect\Effects\Bombard</Filter>
    </ClCompile>
    <ClCompile Include="..\Private\NomalJap.cpp">
      <Filter>02.GameObjects\Effect\Effects\NomalJap</Filter>
    </ClCompile>
    <ClCompile Include="..\Private\PhysXEffectHitBox.cpp">
      <Filter>02.GameObjects\PhysX\EffectHitBox</Filter>
    </ClCompile>
    <ClCompile Include="..\Private\CamPosition_Socket.cpp">
      <Filter>02.GameObjects\Cameras\CameraPosition\Socket</Filter>
    </ClCompile>
    <ClCompile Include="..\Private\CamPosition_Target.cpp">
      <Filter>02.GameObjects\Cameras\CameraPosition\Player\Target</Filter>
    </ClCompile>
    <ClCompile Include="..\Private\CamPosition_Shoulder.cpp">
      <Filter>02.GameObjects\Cameras\CameraPosition\Player\Shoulder</Filter>
    </ClCompile>
    <ClCompile Include="..\Private\Player_States.cpp">
      <Filter>02.GameObjects\Player</Filter>
    </ClCompile>
    <ClCompile Include="..\Private\Camera_Gaze.cpp">
      <Filter>02.GameObjects\Cameras\Camera_Gaze</Filter>
    </ClCompile>
    <ClCompile Include="..\Private\Goblin.cpp">
      <Filter>02.GameObjects\Monster\Goblin</Filter>
    </ClCompile>
    <ClCompile Include="..\Private\Goblin_States.cpp">
      <Filter>02.GameObjects\Monster\Goblin</Filter>
    </ClCompile>
    <ClCompile Include="..\Private\Monster.cpp">
      <Filter>02.GameObjects\Monster</Filter>
    </ClCompile>
    <ClCompile Include="..\private\MapContainer.cpp">
      <Filter>02.GameObjects\Environment\00.MapContainer</Filter>
    </ClCompile>
    <ClCompile Include="..\private\BuildingContainer.cpp">
      <Filter>02.GameObjects\Environment\00.MapContainer\BuildingContainer</Filter>
    </ClCompile>
    <ClCompile Include="..\private\MapPartObject.cpp">
      <Filter>02.GameObjects\Environment\01.MapPartObject</Filter>
    </ClCompile>
    <ClCompile Include="..\private\MapObject_Collision.cpp">
      <Filter>02.GameObjects\Environment\01.MapPartObject\Collision</Filter>
    </ClCompile>
    <ClCompile Include="..\private\MapObject_Render.cpp">
      <Filter>02.GameObjects\Environment\01.MapPartObject\MapObject_Render</Filter>
    </ClCompile>
    <ClCompile Include="..\private\Terrain.cpp">
      <Filter>02.GameObjects\Environment\Terrain</Filter>
    </ClCompile>
    <ClCompile Include="..\Private\EffectPool.cpp">
      <Filter>02.GameObjects\Effect\EffectPool</Filter>
    </ClCompile>
    <ClCompile Include="..\Private\Decendo.cpp">
      <Filter>02.GameObjects\Effect\Effects\Decendo</Filter>
    </ClCompile>
  </ItemGroup>
  <ItemGroup>
    <ResourceCompile Include="Client.rc">
      <Filter>99.Define\00.DEFAULT</Filter>
    </ResourceCompile>
  </ItemGroup>
</Project>